{
  "version": 4,
  "terraform_version": "1.12.2",
  "serial": 241,
  "lineage": "60da6aea-e207-9372-33c2-42983d07f309",
  "outputs": {
    "cluster_endpoint": {
      "value": "https://F5F5B167D1BD5D68C2D1C4E1FB457DE1.gr7.us-west-2.eks.amazonaws.com",
      "type": "string"
    },
    "cluster_id": {
      "value": "betterme-test-dev-eks-cluster",
      "type": "string"
    },
    "cluster_name": {
      "value": "betterme-test-dev-eks-cluster",
      "type": "string"
    },
    "cluster_security_group_id": {
      "value": "sg-04ff8a733ac8f357b",
      "type": "string"
    },
    "db_instance_endpoint": {
      "value": "betterme-test-dev-postgres.c1a86ow82ite.us-west-2.rds.amazonaws.com",
      "type": "string",
      "sensitive": true
    },
    "db_instance_name": {
      "value": "betterme",
      "type": "string"
    },
    "db_name": {
      "value": "betterme",
      "type": "string"
    },
    "db_username": {
      "value": "postgres",
      "type": "string",
      "sensitive": true
    },
    "kubectl_config": {
      "value": {
        "ca_certificate": "LS0tLS1CRUdJTiBDRVJUSUZJQ0FURS0tLS0tCk1JSURCVENDQWUyZ0F3SUJBZ0lJWFBWK2Jsb1VZcVF3RFFZSktvWklodmNOQVFFTEJRQXdGVEVUTUJFR0ExVUUKQXhNS2EzVmlaWEp1WlhSbGN6QWVGdzB5TlRBNE1Ua3lNVFV3TVRaYUZ3MHpOVEE0TVRjeU1UVTFNVFphTUJVeApFekFSQmdOVkJBTVRDbXQxWW1WeWJtVjBaWE13Z2dFaU1BMEdDU3FHU0liM0RRRUJBUVVBQTRJQkR3QXdnZ0VLCkFvSUJBUUNYdmtHOVVlb2JPeWVaNXgwd21GRGVSMWJhbTBvMkJRazVQbG9mK3BoamFTNm9YalNjV010bjNEQzUKWFJ3aktVMUdNU091U0IzbmlaY2NWTUxYUG8rQ1JvUm9CSGpZeXRKQ3dWMG96ZHBicEE4djVFRkM0U0hBWGQwaQpKL0toOHJwWkFPZmFsL1FoTDFFZWVLd2tyOXJrOTBnQm1DVklWek9zODRiMnRadHpWVXdLNjU2VmcwNFlzY2FWClg4dEswSllmL1lzQjUrVkpuNDlEWGNHQUl4NHRXNHFzRC9oUVNDdVN3REFESllpU1BKWlczRW15TTZ6YlY4TnMKditPTG1TeFhWTm5TWjJEbkYxMmxzWGphREU0SDBGS3dOczd5dDFoMFhGQ04rOU9lM3BTODBPZHVMVFNoWjdCVwpXeTI4VEtXM21NTHhEVml1Tm15eTlNUTFYaWdmQWdNQkFBR2pXVEJYTUE0R0ExVWREd0VCL3dRRUF3SUNwREFQCkJnTlZIUk1CQWY4RUJUQURBUUgvTUIwR0ExVWREZ1FXQkJRdW9XSFFGWDdCVFRYc1AyMTU2WHJhaVB5ZUl6QVYKQmdOVkhSRUVEakFNZ2dwcmRXSmxjbTVsZEdWek1BMEdDU3FHU0liM0RRRUJDd1VBQTRJQkFRQ0VTRW9OWC9KVAppNjU2YzNDNDVudTNaMWhTUnRqdUsyRnFKd2N4RnhvUko3SDF1dWEyT1ppYlVrQWVTRG1xUWxhbDNRT3M0YzhUCkg5NktYcWw1a2lBcG4vQXovTVNmaGF2UnBOTDFFNHdBRTdQWTFiaGRnRVhLWENZOCtwRlpialEvck80N1hmNG0KeEt5cGVCS1ZscXpIdVR3T0toNUdEdkhSZ3B4NEFjZWNvN1pDLzB0a3p5eklzaElKa0lhUjZRek1NcXBDNEtYbQphWlJSOVZoNHpKL3dxR0FQc20wR09pdHZKTmsraGkvVDFPTU9LVEdTYmVxOThIOGQ0NG1JL3Rpa3NLVFk3ZW55CkN3eXpsTUo0YU5nQjlBUUVVczRldjh5ajdNS3h6aTlpWlZmSWtSNUk5OXV3citBSDg1SzVYTnZJc1hCRjhwNVoKL0dnd0xrenl2RGpSCi0tLS0tRU5EIENFUlRJRklDQVRFLS0tLS0K",
        "cluster_name": "betterme-test-dev-eks-cluster",
        "endpoint": "https://F5F5B167D1BD5D68C2D1C4E1FB457DE1.gr7.us-west-2.eks.amazonaws.com",
        "token": "k8s-aws-v1.aHR0cHM6Ly9zdHMudXMtd2VzdC0yLmFtYXpvbmF3cy5jb20vP0FjdGlvbj1HZXRDYWxsZXJJZGVudGl0eSZWZXJzaW9uPTIwMTEtMDYtMTUmWC1BbXotQWxnb3JpdGhtPUFXUzQtSE1BQy1TSEEyNTYmWC1BbXotQ3JlZGVudGlhbD1BS0lBWk5SWFNIN1c1WTRXRlY3TCUyRjIwMjUwODE5JTJGdXMtd2VzdC0yJTJGc3RzJTJGYXdzNF9yZXF1ZXN0JlgtQW16LURhdGU9MjAyNTA4MTlUMjM1MTU5WiZYLUFtei1FeHBpcmVzPTAmWC1BbXotU2lnbmVkSGVhZGVycz1ob3N0JTNCeC1rOHMtYXdzLWlkJlgtQW16LVNpZ25hdHVyZT1hMjgyYmI3ZDU1OGViNzk4OTJkYThjYWM0YTM2MzY0NjkyNTYwNjlmMjE5ODQ3OGEzNGZiZmJlMTAwZjI1NDI3"
      },
      "type": [
        "object",
        {
          "ca_certificate": "string",
          "cluster_name": "string",
          "endpoint": "string",
          "token": "string"
        }
      ],
      "sensitive": true
    },
    "private_s3_bucket_name": {
      "value": "betterme-test-dev-private-56ctrdie",
      "type": "string"
    },
    "private_s3_bucket_url": {
      "value": "https://betterme-test-dev-private-56ctrdie.s3.amazonaws.com",
      "type": "string"
    },
    "private_subnets": {
      "value": [
        "subnet-0a62acc794beeb657",
        "subnet-077353152791b7a31"
      ],
      "type": [
        "tuple",
        [
          "string",
          "string"
        ]
      ]
    },
    "public_s3_bucket_name": {
      "value": "betterme-test-dev-public-56ctrdie",
      "type": "string"
    },
    "public_s3_bucket_url": {
      "value": "https://betterme-test-dev-public-56ctrdie.s3.amazonaws.com",
      "type": "string"
    },
    "public_subnets": {
      "value": [
        "subnet-0f941ce8aa2f5b338",
        "subnet-04c216d6a5facb94c"
      ],
      "type": [
        "tuple",
        [
          "string",
          "string"
        ]
      ]
    },
    "region": {
      "value": "us-west-2",
      "type": "string"
    },
    "vpc_cidr_block": {
      "value": "10.0.0.0/16",
      "type": "string"
    },
    "vpc_id": {
      "value": "vpc-0104d4525e085937e",
      "type": "string"
    }
  },
  "resources": [
    {
      "mode": "data",
      "type": "aws_availability_zones",
      "name": "available",
      "provider": "provider[\"registry.terraform.io/hashicorp/aws\"]",
      "instances": [
        {
          "schema_version": 0,
          "attributes": {
            "all_availability_zones": null,
            "exclude_names": null,
            "exclude_zone_ids": null,
            "filter": null,
            "group_names": [
              "us-west-2-zg-1"
            ],
            "id": "us-west-2",
            "names": [
              "us-west-2a",
              "us-west-2b",
              "us-west-2c",
              "us-west-2d"
            ],
            "state": "available",
            "timeouts": null,
            "zone_ids": [
              "usw2-az2",
              "usw2-az1",
              "usw2-az3",
              "usw2-az4"
            ]
          },
          "sensitive_attributes": [],
          "identity_schema_version": 0
        }
      ]
    },
    {
      "mode": "data",
      "type": "aws_caller_identity",
      "name": "current",
      "provider": "provider[\"registry.terraform.io/hashicorp/aws\"]",
      "instances": [
        {
          "schema_version": 0,
          "attributes": {
            "account_id": "647582859245",
            "arn": "arn:aws:iam::647582859245:user/koliacv",
            "id": "647582859245",
            "user_id": "AIDAZNRXSH7W7GAIJUCQA"
          },
          "sensitive_attributes": [],
          "identity_schema_version": 0
        }
      ]
    },
    {
      "module": "module.eks",
      "mode": "data",
      "type": "aws_eks_cluster",
      "name": "cluster",
      "provider": "provider[\"registry.terraform.io/hashicorp/aws\"]",
      "instances": [
        {
          "schema_version": 0,
          "attributes": {
            "access_config": [
              {
                "authentication_mode": "CONFIG_MAP",
                "bootstrap_cluster_creator_admin_permissions": true
              }
            ],
            "arn": "arn:aws:eks:us-west-2:647582859245:cluster/betterme-test-dev-eks-cluster",
            "certificate_authority": [
              {
                "data": "LS0tLS1CRUdJTiBDRVJUSUZJQ0FURS0tLS0tCk1JSURCVENDQWUyZ0F3SUJBZ0lJWFBWK2Jsb1VZcVF3RFFZSktvWklodmNOQVFFTEJRQXdGVEVUTUJFR0ExVUUKQXhNS2EzVmlaWEp1WlhSbGN6QWVGdzB5TlRBNE1Ua3lNVFV3TVRaYUZ3MHpOVEE0TVRjeU1UVTFNVFphTUJVeApFekFSQmdOVkJBTVRDbXQxWW1WeWJtVjBaWE13Z2dFaU1BMEdDU3FHU0liM0RRRUJBUVVBQTRJQkR3QXdnZ0VLCkFvSUJBUUNYdmtHOVVlb2JPeWVaNXgwd21GRGVSMWJhbTBvMkJRazVQbG9mK3BoamFTNm9YalNjV010bjNEQzUKWFJ3aktVMUdNU091U0IzbmlaY2NWTUxYUG8rQ1JvUm9CSGpZeXRKQ3dWMG96ZHBicEE4djVFRkM0U0hBWGQwaQpKL0toOHJwWkFPZmFsL1FoTDFFZWVLd2tyOXJrOTBnQm1DVklWek9zODRiMnRadHpWVXdLNjU2VmcwNFlzY2FWClg4dEswSllmL1lzQjUrVkpuNDlEWGNHQUl4NHRXNHFzRC9oUVNDdVN3REFESllpU1BKWlczRW15TTZ6YlY4TnMKditPTG1TeFhWTm5TWjJEbkYxMmxzWGphREU0SDBGS3dOczd5dDFoMFhGQ04rOU9lM3BTODBPZHVMVFNoWjdCVwpXeTI4VEtXM21NTHhEVml1Tm15eTlNUTFYaWdmQWdNQkFBR2pXVEJYTUE0R0ExVWREd0VCL3dRRUF3SUNwREFQCkJnTlZIUk1CQWY4RUJUQURBUUgvTUIwR0ExVWREZ1FXQkJRdW9XSFFGWDdCVFRYc1AyMTU2WHJhaVB5ZUl6QVYKQmdOVkhSRUVEakFNZ2dwcmRXSmxjbTVsZEdWek1BMEdDU3FHU0liM0RRRUJDd1VBQTRJQkFRQ0VTRW9OWC9KVAppNjU2YzNDNDVudTNaMWhTUnRqdUsyRnFKd2N4RnhvUko3SDF1dWEyT1ppYlVrQWVTRG1xUWxhbDNRT3M0YzhUCkg5NktYcWw1a2lBcG4vQXovTVNmaGF2UnBOTDFFNHdBRTdQWTFiaGRnRVhLWENZOCtwRlpialEvck80N1hmNG0KeEt5cGVCS1ZscXpIdVR3T0toNUdEdkhSZ3B4NEFjZWNvN1pDLzB0a3p5eklzaElKa0lhUjZRek1NcXBDNEtYbQphWlJSOVZoNHpKL3dxR0FQc20wR09pdHZKTmsraGkvVDFPTU9LVEdTYmVxOThIOGQ0NG1JL3Rpa3NLVFk3ZW55CkN3eXpsTUo0YU5nQjlBUUVVczRldjh5ajdNS3h6aTlpWlZmSWtSNUk5OXV3citBSDg1SzVYTnZJc1hCRjhwNVoKL0dnd0xrenl2RGpSCi0tLS0tRU5EIENFUlRJRklDQVRFLS0tLS0K"
              }
            ],
            "cluster_id": null,
            "compute_config": [],
            "created_at": "2025-08-19T21:50:19Z",
            "enabled_cluster_log_types": [
              "api",
              "audit",
              "authenticator",
              "controllerManager",
              "scheduler"
            ],
            "endpoint": "https://F5F5B167D1BD5D68C2D1C4E1FB457DE1.gr7.us-west-2.eks.amazonaws.com",
            "id": "betterme-test-dev-eks-cluster",
            "identity": [
              {
                "oidc": [
                  {
                    "issuer": "https://oidc.eks.us-west-2.amazonaws.com/id/F5F5B167D1BD5D68C2D1C4E1FB457DE1"
                  }
                ]
              }
            ],
            "kubernetes_network_config": [
              {
                "elastic_load_balancing": [
                  {
                    "enabled": false
                  }
                ],
                "ip_family": "ipv4",
                "service_ipv4_cidr": "172.20.0.0/16",
                "service_ipv6_cidr": ""
              }
            ],
            "name": "betterme-test-dev-eks-cluster",
            "outpost_config": [],
            "platform_version": "eks.50",
            "remote_network_config": [],
            "role_arn": "arn:aws:iam::647582859245:role/betterme-test-dev-eks-service-role",
            "status": "ACTIVE",
            "storage_config": [],
            "tags": {
              "Environment": "dev",
              "ManagedBy": "terraform",
              "Owner": "betterme-devops-test",
              "Project": "betterme-test"
            },
            "upgrade_policy": [
              {
                "support_type": "EXTENDED"
              }
            ],
            "version": "1.28",
            "vpc_config": [
              {
                "cluster_security_group_id": "sg-04ff8a733ac8f357b",
                "endpoint_private_access": true,
                "endpoint_public_access": true,
                "public_access_cidrs": [
                  "0.0.0.0/0"
                ],
                "security_group_ids": [],
                "subnet_ids": [
                  "subnet-04c216d6a5facb94c",
                  "subnet-077353152791b7a31",
                  "subnet-0a62acc794beeb657",
                  "subnet-0f941ce8aa2f5b338"
                ],
                "vpc_id": "vpc-0104d4525e085937e"
              }
            ],
            "zonal_shift_config": []
          },
          "sensitive_attributes": [],
          "identity_schema_version": 0
        }
      ]
    },
    {
      "module": "module.eks",
      "mode": "data",
      "type": "aws_eks_cluster_auth",
      "name": "cluster",
      "provider": "provider[\"registry.terraform.io/hashicorp/aws\"]",
      "instances": [
        {
          "schema_version": 0,
          "attributes": {
            "id": "betterme-test-dev-eks-cluster",
            "name": "betterme-test-dev-eks-cluster",
            "token": "k8s-aws-v1.aHR0cHM6Ly9zdHMudXMtd2VzdC0yLmFtYXpvbmF3cy5jb20vP0FjdGlvbj1HZXRDYWxsZXJJZGVudGl0eSZWZXJzaW9uPTIwMTEtMDYtMTUmWC1BbXotQWxnb3JpdGhtPUFXUzQtSE1BQy1TSEEyNTYmWC1BbXotQ3JlZGVudGlhbD1BS0lBWk5SWFNIN1c1WTRXRlY3TCUyRjIwMjUwODE5JTJGdXMtd2VzdC0yJTJGc3RzJTJGYXdzNF9yZXF1ZXN0JlgtQW16LURhdGU9MjAyNTA4MTlUMjM1MTU5WiZYLUFtei1FeHBpcmVzPTAmWC1BbXotU2lnbmVkSGVhZGVycz1ob3N0JTNCeC1rOHMtYXdzLWlkJlgtQW16LVNpZ25hdHVyZT1hMjgyYmI3ZDU1OGViNzk4OTJkYThjYWM0YTM2MzY0NjkyNTYwNjlmMjE5ODQ3OGEzNGZiZmJlMTAwZjI1NDI3"
          },
          "sensitive_attributes": [
            [
              {
                "type": "get_attr",
                "value": "token"
              }
            ]
          ],
          "identity_schema_version": 0
        }
      ]
    },
    {
      "module": "module.eks",
      "mode": "data",
      "type": "tls_certificate",
      "name": "eks_cluster_tls",
      "provider": "provider[\"registry.terraform.io/hashicorp/tls\"]",
      "instances": [
        {
          "schema_version": 0,
          "attributes": {
            "certificates": [
              {
                "cert_pem": "-----BEGIN CERTIFICATE-----\nMIIEdTCCA12gAwIBAgIJAKcOSkw0grd/MA0GCSqGSIb3DQEBCwUAMGgxCzAJBgNV\nBAYTAlVTMSUwIwYDVQQKExxTdGFyZmllbGQgVGVjaG5vbG9naWVzLCBJbmMuMTIw\nMAYDVQQLEylTdGFyZmllbGQgQ2xhc3MgMiBDZXJ0aWZpY2F0aW9uIEF1dGhvcml0\neTAeFw0wOTA5MDIwMDAwMDBaFw0zNDA2MjgxNzM5MTZaMIGYMQswCQYDVQQGEwJV\nUzEQMA4GA1UECBMHQXJpem9uYTETMBEGA1UEBxMKU2NvdHRzZGFsZTElMCMGA1UE\nChMcU3RhcmZpZWxkIFRlY2hub2xvZ2llcywgSW5jLjE7MDkGA1UEAxMyU3RhcmZp\nZWxkIFNlcnZpY2VzIFJvb3QgQ2VydGlmaWNhdGUgQXV0aG9yaXR5IC0gRzIwggEi\nMA0GCSqGSIb3DQEBAQUAA4IBDwAwggEKAoIBAQDVDDrEKvlO4vW+GZdfjohTsR8/\ny8+fIBNtKTrID30892t2OGPZNmCom15cAICyL1l/9of5JUOG52kbUpqQ4XHj2C0N\nTm/2yEnZtvMaVq4rtnQU68/7JuMauh2WLmo7WJSJR1b/JaCTcFOD2oR0FMNnngRo\nOt+OQFodSk7PQ5E751bWAHDLUu57fa4657wx+UX2wmDPE1kCK4DMNEffud6QZW0C\nzyyRpqbn3oUYSXxmTqM6bam17jQuug0DuDPfR+uxa40l2ZvOgdFFRjKWcIfeAg5J\nQ4W2bHO7ZOphQazJ1FTfhy/HIrImzJ9ZVGif/L4qL8RVHHVAYBeFAlU5i38FAgMB\nAAGjgfAwge0wDwYDVR0TAQH/BAUwAwEB/zAOBgNVHQ8BAf8EBAMCAYYwHQYDVR0O\nBBYEFJxfAN+qAdcwKziIorhtSpzyEZGDMB8GA1UdIwQYMBaAFL9ft9HO3R+G9FtV\nrNzXEMIOqYjnME8GCCsGAQUFBwEBBEMwQTAcBggrBgEFBQcwAYYQaHR0cDovL28u\nc3MyLnVzLzAhBggrBgEFBQcwAoYVaHR0cDovL3guc3MyLnVzL3guY2VyMCYGA1Ud\nHwQfMB0wG6AZoBeGFWh0dHA6Ly9zLnNzMi51cy9yLmNybDARBgNVHSAECjAIMAYG\nBFUdIAAwDQYJKoZIhvcNAQELBQADggEBACMd44pXyn3pF3lM8R5V/cxTbj5HD9/G\nVfKyBDbtgB9TxF00KGu+x1X8Z+rLP3+QsjPNG1gQggL4+C/1E2DUBc7xgQjB3ad1\nl08YuW3e95ORCLp+QCztweq7dp4zBncdDQh/U90bZKuCJ/Fp1U1ervShw3WnWEQt\n8jxwmKy6abaVd38PMV4s/KCHOkdp8Hlf9BRUpJVeEXgSYCfOn8J3/yNTd126/+pZ\n59vPr5KW7ySaNRB6nJHGDn2Z9j8Z3/VyVOEVqQdZe4O/Ui5GjLIAZHYcSNPYeehu\nVsyuLAOQ1xk4meTKCRlb/weWsKh/NEnfVqn3sF/tM+2MR7cwA130A4w=\n-----END CERTIFICATE-----\n",
                "is_ca": true,
                "issuer": "OU=Starfield Class 2 Certification Authority,O=Starfield Technologies\\, Inc.,C=US",
                "not_after": "2034-06-28T17:39:16Z",
                "not_before": "2009-09-02T00:00:00Z",
                "public_key_algorithm": "RSA",
                "serial_number": "12037640545166866303",
                "sha1_fingerprint": "9e99a48a9960b14926bb7f3b02e22da2b0ab7280",
                "signature_algorithm": "SHA256-RSA",
                "subject": "CN=Starfield Services Root Certificate Authority - G2,O=Starfield Technologies\\, Inc.,L=Scottsdale,ST=Arizona,C=US",
                "version": 3
              },
              {
                "cert_pem": "-----BEGIN CERTIFICATE-----\nMIIEkjCCA3qgAwIBAgITBn+USionzfP6wq4rAfkI7rnExjANBgkqhkiG9w0BAQsF\nADCBmDELMAkGA1UEBhMCVVMxEDAOBgNVBAgTB0FyaXpvbmExEzARBgNVBAcTClNj\nb3R0c2RhbGUxJTAjBgNVBAoTHFN0YXJmaWVsZCBUZWNobm9sb2dpZXMsIEluYy4x\nOzA5BgNVBAMTMlN0YXJmaWVsZCBTZXJ2aWNlcyBSb290IENlcnRpZmljYXRlIEF1\ndGhvcml0eSAtIEcyMB4XDTE1MDUyNTEyMDAwMFoXDTM3MTIzMTAxMDAwMFowOTEL\nMAkGA1UEBhMCVVMxDzANBgNVBAoTBkFtYXpvbjEZMBcGA1UEAxMQQW1hem9uIFJv\nb3QgQ0EgMTCCASIwDQYJKoZIhvcNAQEBBQADggEPADCCAQoCggEBALJ4gHHKeNXj\nca9HgFB0fW7Y14h29Jlo91ghYPl0hAEvrAIthtOgQ3pOsqTQNroBvo3bSMgHFzZM\n9O6II8c+6zf1tRn4SWiw3te5djgdYZ6k/oI2peVKVuRF4fn9tBb6dNqcmzU5L/qw\nIFAGbHrQgLKm+a/sRxmPUDgH3KKHOVj4utWp+UhnMJbulHheb4mjUcAwhmahRWa6\nVOujw5H5SNz/0egwLX0tdHA114gk957EWW67c4cX8jJGKLhD+rcdqsq08p8kDi1L\n93FcXmn/6pUCyziKrlA4b9v7LWIbxcceVOF34GfID5yHI9Y/QCB/IIDEgEw+OyQm\njgSubJrIqg0CAwEAAaOCATEwggEtMA8GA1UdEwEB/wQFMAMBAf8wDgYDVR0PAQH/\nBAQDAgGGMB0GA1UdDgQWBBSEGMyFNOy8DJSULghZnMeyEE4KCDAfBgNVHSMEGDAW\ngBScXwDfqgHXMCs4iKK4bUqc8hGRgzB4BggrBgEFBQcBAQRsMGowLgYIKwYBBQUH\nMAGGImh0dHA6Ly9vY3NwLnJvb3RnMi5hbWF6b250cnVzdC5jb20wOAYIKwYBBQUH\nMAKGLGh0dHA6Ly9jcnQucm9vdGcyLmFtYXpvbnRydXN0LmNvbS9yb290ZzIuY2Vy\nMD0GA1UdHwQ2MDQwMqAwoC6GLGh0dHA6Ly9jcmwucm9vdGcyLmFtYXpvbnRydXN0\nLmNvbS9yb290ZzIuY3JsMBEGA1UdIAQKMAgwBgYEVR0gADANBgkqhkiG9w0BAQsF\nAAOCAQEAYjdCXLwQtT6LLOkMm2xF4gcAevnFWAu5CIw+7bMlPLVvUOTNNWqnkzSW\nMiGpSESrnO09tKpzbeR/FoCJbM8oAxiDR3mjEH4wW6w7sGDgd9QIpuEdfF7Au/ma\neyKdpwAJfqxGF4PcnCZXmTA5YpaP7dreqsXMGz7KQ2hsVxa81Q4gLv7/wmpdLqBK\nbRRYh5TmOTFffHPLkIhqhBGWJ6bt2YFGpn6jcgAKUj6DiAdjd4lpFw85hdKrCEVN\n0FE6/V1dN2RMfjCyVSRCnTawXZwXgWHxyvkQAiSr6w10kY17RSlQOYiypok1JR4U\nakcjMS9cmvqtmg5iUaQqqcT5NJ0hGA==\n-----END CERTIFICATE-----\n",
                "is_ca": true,
                "issuer": "CN=Starfield Services Root Certificate Authority - G2,O=Starfield Technologies\\, Inc.,L=Scottsdale,ST=Arizona,C=US",
                "not_after": "2037-12-31T01:00:00Z",
                "not_before": "2015-05-25T12:00:00Z",
                "public_key_algorithm": "RSA",
                "serial_number": "144918191876577076464031512351042010504348870",
                "sha1_fingerprint": "06b25927c42a721631c1efd9431e648fa62e1e39",
                "signature_algorithm": "SHA256-RSA",
                "subject": "CN=Amazon Root CA 1,O=Amazon,C=US",
                "version": 3
              },
              {
                "cert_pem": "-----BEGIN CERTIFICATE-----\nMIIEXjCCA0agAwIBAgITB3MSTNQG0mfAmRzdKZqfODF5hTANBgkqhkiG9w0BAQsF\nADA5MQswCQYDVQQGEwJVUzEPMA0GA1UEChMGQW1hem9uMRkwFwYDVQQDExBBbWF6\nb24gUm9vdCBDQSAxMB4XDTIyMDgyMzIyMjYwNFoXDTMwMDgyMzIyMjYwNFowPDEL\nMAkGA1UEBhMCVVMxDzANBgNVBAoTBkFtYXpvbjEcMBoGA1UEAxMTQW1hem9uIFJT\nQSAyMDQ4IE0wMzCCASIwDQYJKoZIhvcNAQEBBQADggEPADCCAQoCggEBALd/pVko\n8vuM475Tf45HV3BbCl/B9Jy89G1CRkFjcPY06WA9lS+7dWbUA7GtWUKoksr69hKM\nwcMsNpxlw7b3jeXFgxB09/nmalcAWtnLzF+LaDKEA5DQmvKzuh1nfIfqEiKCQSmX\nXh09Xs+dO7cm5qbaL2hhNJCSAejciwcvOFgFNgEMR42wm6KIFHsQW28jhA+1u/M0\np6fVwReuEgZfLfdx82Px0LJck3lST3EB/JfbdsdOzzzg5YkY1dfuqf8y5fUeZ7Cz\nWXbTjujwX/TovmeWKA36VLCz75azW6tDNuDn66FOpADZZ9omVaF6BqNJiLMVl6P3\n/c0OiUMC6Z5OfKcCAwEAAaOCAVowggFWMBIGA1UdEwEB/wQIMAYBAf8CAQAwDgYD\nVR0PAQH/BAQDAgGGMB0GA1UdJQQWMBQGCCsGAQUFBwMBBggrBgEFBQcDAjAdBgNV\nHQ4EFgQUVdkYX9IczAHhWLS+q9lVQgHXLgIwHwYDVR0jBBgwFoAUhBjMhTTsvAyU\nlC4IWZzHshBOCggwewYIKwYBBQUHAQEEbzBtMC8GCCsGAQUFBzABhiNodHRwOi8v\nb2NzcC5yb290Y2ExLmFtYXpvbnRydXN0LmNvbTA6BggrBgEFBQcwAoYuaHR0cDov\nL2NydC5yb290Y2ExLmFtYXpvbnRydXN0LmNvbS9yb290Y2ExLmNlcjA/BgNVHR8E\nODA2MDSgMqAwhi5odHRwOi8vY3JsLnJvb3RjYTEuYW1hem9udHJ1c3QuY29tL3Jv\nb3RjYTEuY3JsMBMGA1UdIAQMMAowCAYGZ4EMAQIBMA0GCSqGSIb3DQEBCwUAA4IB\nAQAGjeWm2cC+3z2MzSCnte46/7JZvj3iQZDY7EvODNdZF41n71Lrk9kbfNwerK0d\nVNzW36Wefr7j7ZSwBVg50W5ay65jNSN74TTQV1yt4WnSbVvN6KlMs1hiyOZdoHKs\nKDV2UGNxbdoBYCQNa2GYF8FQIWLugNp35aSOpMy6cFlymFQomIrnOQHwK1nvVY4q\nxDSJMU/gNJz17D8ArPN3ngnyZ2TwepJ0uBINz3G5te2rdFUF4i4Y3Bb7FUlHDYm4\nu8aIRGpk2ZpfXmxaoxnbIBZRvGLPSUuPwnwoUOMsJ8jirI5vs2dvchPb7MtI1rle\ni02f2ivH2vxkjDLltSpe2fiC\n-----END CERTIFICATE-----\n",
                "is_ca": true,
                "issuer": "CN=Amazon Root CA 1,O=Amazon,C=US",
                "not_after": "2030-08-23T22:26:04Z",
                "not_before": "2022-08-23T22:26:04Z",
                "public_key_algorithm": "RSA",
                "serial_number": "166129356476704345391986644047206454194698629",
                "sha1_fingerprint": "d9fe0a65fa00cabf61f5120d373a8135e1461f15",
                "signature_algorithm": "SHA256-RSA",
                "subject": "CN=Amazon RSA 2048 M03,O=Amazon,C=US",
                "version": 3
              },
              {
                "cert_pem": "-----BEGIN CERTIFICATE-----\nMIIF6DCCBNCgAwIBAgIQBv66XyqnBqR8D/sF0JzzHTANBgkqhkiG9w0BAQsFADA8\nMQswCQYDVQQGEwJVUzEPMA0GA1UEChMGQW1hem9uMRwwGgYDVQQDExNBbWF6b24g\nUlNBIDIwNDggTTAzMB4XDTI1MDMwMjAwMDAwMFoXDTI2MDQwMTIzNTk1OVowKDEm\nMCQGA1UEAwwdKi5la3MudXMtd2VzdC0yLmFtYXpvbmF3cy5jb20wggEiMA0GCSqG\nSIb3DQEBAQUAA4IBDwAwggEKAoIBAQCfvO2Esh0vzmZxCPzfNlHCnH1745SQp00q\nPlS7O+PscmHxnzVa5VLmMZ609FV22Nf1DwEhfo/cxRLiCA3BHxPoAAbE8j5zhoLp\nEn8/GEDYaz0iFBGoLD+oXN7JUW3jpyvq2e60lg0V6aDo9r/nkiVryZ2pv0HpD+UT\nTUhK0dnrBNEVdc6r8wh9bec5PXcDpbyTqgcOVzqe0DvGHLf2GfFUHgekPXkA9g/s\nOs3i7q6eszZj2Lj6JLlJRgptVIgZRcTdroNlbOVIUri4N0O2VRM9N5IWg8oTgc8n\njDRlwzOddWceiFIaaaKLcGlClTpwv+GmLYsWi9/Ut4iJvykMu+aNAgMBAAGjggL4\nMIIC9DAfBgNVHSMEGDAWgBRV2Rhf0hzMAeFYtL6r2VVCAdcuAjAdBgNVHQ4EFgQU\nAChHNssPUZLuggbNPwBJrrWOY0owKAYDVR0RBCEwH4IdKi5la3MudXMtd2VzdC0y\nLmFtYXpvbmF3cy5jb20wEwYDVR0gBAwwCjAIBgZngQwBAgEwDgYDVR0PAQH/BAQD\nAgWgMB0GA1UdJQQWMBQGCCsGAQUFBwMBBggrBgEFBQcDAjA7BgNVHR8ENDAyMDCg\nLqAshipodHRwOi8vY3JsLnIybTAzLmFtYXpvbnRydXN0LmNvbS9yMm0wMy5jcmww\ndQYIKwYBBQUHAQEEaTBnMC0GCCsGAQUFBzABhiFodHRwOi8vb2NzcC5yMm0wMy5h\nbWF6b250cnVzdC5jb20wNgYIKwYBBQUHMAKGKmh0dHA6Ly9jcnQucjJtMDMuYW1h\nem9udHJ1c3QuY29tL3IybTAzLmNlcjAMBgNVHRMBAf8EAjAAMIIBgAYKKwYBBAHW\neQIEAgSCAXAEggFsAWoAdwAOV5S8866pPjMbLJkHs/eQ35vCPXEyJd0hqSWsYcVO\nIQAAAZVUXKmmAAAEAwBIMEYCIQCFd4Z7oyEJQmbZikEocI2h9QFRDFNeqe36ETZt\nN6cYPAIhAJrwPV50ncMOzvBJwbpDlqTg77x523TVW1NtwEa052diAHcAZBHEbKQS\n7KeJHKICLgC8q08oB9QeNSer6v7VA8l9zfAAAAGVVFyp6AAABAMASDBGAiEA92Vs\nqLJxjsOxnQoEdCqQlS8MXH33CkII5kZkIyVXO90CIQDQLcVutogxZJXL9gDq3vYt\nvLEeApjx3/jaa80h8IEFOgB2AEmcm2neHXzs/DbezYdkprhbrwqHgBnRVVL76esp\n3fjDAAABlVRcqfQAAAQDAEcwRQIhAKxL9D1igVrXlrEoahU5MCINMqujvaiFDF8N\nW+VEtEENAiAnHaF+ws06pp3W4X13bY5rWNNueoGkTZEIJaMdpqB2sjANBgkqhkiG\n9w0BAQsFAAOCAQEAA/rMiAebzGQ8pDU9DFsMFREV77bzVJLMZy/avsl+dyvkom+T\nYyBfPZ/a82AoN0y6jM3v6RsMq26Lp0ZiFJ3/4Vddfx/EXv288/ztKt2VP8NeuWim\nM/YClUrkbu5Nx/q2JeIryhkcWqlDQMPFtd5OVfbC7qIWWLlDpKdBzmlheeTqQF3Y\ntShfHyhslseAqBt6hMAt6+F/NSpmUspR7VZN++X0C344SoASYKsrZ94yPaWTtIah\n2hgki3nkJCP/B7zSYOjcecbk8VB3gAl57ZSQMGSHY9Dqaq5ThfQl2Co0ODsV0dqW\nXH0SYy4Tq414jDnyLFru2M+pcH28OIDkH+mKaw==\n-----END CERTIFICATE-----\n",
                "is_ca": false,
                "issuer": "CN=Amazon RSA 2048 M03,O=Amazon,C=US",
                "not_after": "2026-04-01T23:59:59Z",
                "not_before": "2025-03-02T00:00:00Z",
                "public_key_algorithm": "RSA",
                "serial_number": "9297991444839351913657215057320014621",
                "sha1_fingerprint": "567dc0929bef44b0cd9d0d9abadfb33ea85a536c",
                "signature_algorithm": "SHA256-RSA",
                "subject": "CN=*.eks.us-west-2.amazonaws.com",
                "version": 3
              }
            ],
            "content": null,
            "id": "213644035344c59e44dd4b37f3e17ae888eed9e0",
            "url": "https://oidc.eks.us-west-2.amazonaws.com/id/F5F5B167D1BD5D68C2D1C4E1FB457DE1",
            "verify_chain": true
          },
          "sensitive_attributes": [],
          "identity_schema_version": 0
        }
      ]
    },
    {
      "module": "module.eks",
      "mode": "managed",
      "type": "aws_cloudwatch_log_group",
      "name": "eks_cluster_log_group",
      "provider": "provider[\"registry.terraform.io/hashicorp/aws\"]",
      "instances": [
        {
          "schema_version": 0,
          "attributes": {
            "arn": "arn:aws:logs:us-west-2:647582859245:log-group:/aws/eks/betterme-test-dev-eks-cluster/cluster",
            "id": "/aws/eks/betterme-test-dev-eks-cluster/cluster",
            "kms_key_id": "",
            "log_group_class": "STANDARD",
            "name": "/aws/eks/betterme-test-dev-eks-cluster/cluster",
            "name_prefix": "",
            "retention_in_days": 1,
            "skip_destroy": false,
            "tags": {
              "Environment": "dev",
              "ManagedBy": "terraform",
              "Owner": "betterme-devops-test",
              "Project": "betterme-test"
            },
            "tags_all": {
              "Environment": "dev",
              "ManagedBy": "terraform",
              "Owner": "betterme-devops-test",
              "Project": "betterme-test"
            }
          },
          "sensitive_attributes": [],
          "identity_schema_version": 0,
          "private": "bnVsbA=="
        }
      ]
    },
    {
      "module": "module.eks",
      "mode": "managed",
      "type": "aws_eks_addon",
      "name": "coredns",
      "provider": "provider[\"registry.terraform.io/hashicorp/aws\"]",
      "instances": [
        {
          "schema_version": 0,
          "attributes": {
            "addon_name": "coredns",
            "addon_version": "v1.10.1-eksbuild.4",
            "arn": "arn:aws:eks:us-west-2:647582859245:addon/betterme-test-dev-eks-cluster/coredns/c4cc622f-3bb1-193e-5680-bbe5a70654b1",
            "cluster_name": "betterme-test-dev-eks-cluster",
            "configuration_values": "",
            "created_at": "2025-08-19T22:06:22Z",
            "id": "betterme-test-dev-eks-cluster:coredns",
            "modified_at": "2025-08-19T23:22:31Z",
            "pod_identity_association": [],
            "preserve": null,
            "resolve_conflicts": null,
            "resolve_conflicts_on_create": null,
            "resolve_conflicts_on_update": null,
            "service_account_role_arn": "",
            "tags": {
              "Environment": "dev",
              "ManagedBy": "terraform",
              "Owner": "betterme-devops-test",
              "Project": "betterme-test"
            },
            "tags_all": {
              "Environment": "dev",
              "ManagedBy": "terraform",
              "Owner": "betterme-devops-test",
              "Project": "betterme-test"
            },
            "timeouts": null
          },
          "sensitive_attributes": [],
          "identity_schema_version": 0,
          "private": "eyJlMmJmYjczMC1lY2FhLTExZTYtOGY4OC0zNDM2M2JjN2M0YzAiOnsiY3JlYXRlIjoxMjAwMDAwMDAwMDAwLCJkZWxldGUiOjI0MDAwMDAwMDAwMDAsInVwZGF0ZSI6MTIwMDAwMDAwMDAwMH19",
          "dependencies": [
            "data.aws_availability_zones.available",
            "module.eks.aws_cloudwatch_log_group.eks_cluster_log_group",
            "module.eks.aws_eks_cluster.main",
            "module.eks.aws_eks_node_group.main",
            "module.security.aws_iam_role.eks_node_role",
            "module.security.aws_iam_role.eks_service_role",
            "module.security.data.aws_iam_policy_document.eks_assume_role_policy",
            "module.security.data.aws_iam_policy_document.node_assume_role_policy",
            "module.vpc.aws_subnet.private",
            "module.vpc.aws_subnet.public",
            "module.vpc.aws_vpc.main"
          ]
        }
      ]
    },
    {
      "module": "module.eks",
      "mode": "managed",
      "type": "aws_eks_addon",
      "name": "kube_proxy",
      "provider": "provider[\"registry.terraform.io/hashicorp/aws\"]",
      "instances": [
        {
          "schema_version": 0,
          "attributes": {
            "addon_name": "kube-proxy",
            "addon_version": "v1.28.15-eksbuild.4",
            "arn": "arn:aws:eks:us-west-2:647582859245:addon/betterme-test-dev-eks-cluster/kube-proxy/56cc622c-d18c-843e-afbc-2967035144db",
            "cluster_name": "betterme-test-dev-eks-cluster",
            "configuration_values": "",
            "created_at": "2025-08-19T22:01:05Z",
            "id": "betterme-test-dev-eks-cluster:kube-proxy",
            "modified_at": "2025-08-19T22:01:13Z",
            "pod_identity_association": [],
            "preserve": null,
            "resolve_conflicts": null,
            "resolve_conflicts_on_create": null,
            "resolve_conflicts_on_update": null,
            "service_account_role_arn": "",
            "tags": {
              "Environment": "dev",
              "ManagedBy": "terraform",
              "Owner": "betterme-devops-test",
              "Project": "betterme-test"
            },
            "tags_all": {
              "Environment": "dev",
              "ManagedBy": "terraform",
              "Owner": "betterme-devops-test",
              "Project": "betterme-test"
            },
            "timeouts": null
          },
          "sensitive_attributes": [],
          "identity_schema_version": 0,
          "private": "eyJlMmJmYjczMC1lY2FhLTExZTYtOGY4OC0zNDM2M2JjN2M0YzAiOnsiY3JlYXRlIjoxMjAwMDAwMDAwMDAwLCJkZWxldGUiOjI0MDAwMDAwMDAwMDAsInVwZGF0ZSI6MTIwMDAwMDAwMDAwMH19",
          "dependencies": [
            "data.aws_availability_zones.available",
            "module.eks.aws_cloudwatch_log_group.eks_cluster_log_group",
            "module.eks.aws_eks_cluster.main",
            "module.security.aws_iam_role.eks_service_role",
            "module.security.data.aws_iam_policy_document.eks_assume_role_policy",
            "module.vpc.aws_subnet.private",
            "module.vpc.aws_subnet.public",
            "module.vpc.aws_vpc.main"
          ]
        }
      ]
    },
    {
      "module": "module.eks",
      "mode": "managed",
      "type": "aws_eks_addon",
      "name": "vpc_cni",
      "provider": "provider[\"registry.terraform.io/hashicorp/aws\"]",
      "instances": [
        {
          "schema_version": 0,
          "attributes": {
            "addon_name": "vpc-cni",
            "addon_version": "v1.19.0-eksbuild.1",
            "arn": "arn:aws:eks:us-west-2:647582859245:addon/betterme-test-dev-eks-cluster/vpc-cni/3acc622c-d18e-6610-3e9c-0ca427a9ac0b",
            "cluster_name": "betterme-test-dev-eks-cluster",
            "configuration_values": "",
            "created_at": "2025-08-19T22:01:05Z",
            "id": "betterme-test-dev-eks-cluster:vpc-cni",
            "modified_at": "2025-08-19T22:01:15Z",
            "pod_identity_association": [],
            "preserve": null,
            "resolve_conflicts": null,
            "resolve_conflicts_on_create": null,
            "resolve_conflicts_on_update": null,
            "service_account_role_arn": "",
            "tags": {
              "Environment": "dev",
              "ManagedBy": "terraform",
              "Owner": "betterme-devops-test",
              "Project": "betterme-test"
            },
            "tags_all": {
              "Environment": "dev",
              "ManagedBy": "terraform",
              "Owner": "betterme-devops-test",
              "Project": "betterme-test"
            },
            "timeouts": null
          },
          "sensitive_attributes": [],
          "identity_schema_version": 0,
          "private": "eyJlMmJmYjczMC1lY2FhLTExZTYtOGY4OC0zNDM2M2JjN2M0YzAiOnsiY3JlYXRlIjoxMjAwMDAwMDAwMDAwLCJkZWxldGUiOjI0MDAwMDAwMDAwMDAsInVwZGF0ZSI6MTIwMDAwMDAwMDAwMH19",
          "dependencies": [
            "data.aws_availability_zones.available",
            "module.eks.aws_cloudwatch_log_group.eks_cluster_log_group",
            "module.eks.aws_eks_cluster.main",
            "module.security.aws_iam_role.eks_service_role",
            "module.security.data.aws_iam_policy_document.eks_assume_role_policy",
            "module.vpc.aws_subnet.private",
            "module.vpc.aws_subnet.public",
            "module.vpc.aws_vpc.main"
          ]
        }
      ]
    },
    {
      "module": "module.eks",
      "mode": "managed",
      "type": "aws_eks_cluster",
      "name": "main",
      "provider": "provider[\"registry.terraform.io/hashicorp/aws\"]",
      "instances": [
        {
          "schema_version": 1,
          "attributes": {
            "access_config": [
              {
                "authentication_mode": "CONFIG_MAP",
                "bootstrap_cluster_creator_admin_permissions": true
              }
            ],
            "arn": "arn:aws:eks:us-west-2:647582859245:cluster/betterme-test-dev-eks-cluster",
            "bootstrap_self_managed_addons": true,
            "certificate_authority": [
              {
                "data": "LS0tLS1CRUdJTiBDRVJUSUZJQ0FURS0tLS0tCk1JSURCVENDQWUyZ0F3SUJBZ0lJWFBWK2Jsb1VZcVF3RFFZSktvWklodmNOQVFFTEJRQXdGVEVUTUJFR0ExVUUKQXhNS2EzVmlaWEp1WlhSbGN6QWVGdzB5TlRBNE1Ua3lNVFV3TVRaYUZ3MHpOVEE0TVRjeU1UVTFNVFphTUJVeApFekFSQmdOVkJBTVRDbXQxWW1WeWJtVjBaWE13Z2dFaU1BMEdDU3FHU0liM0RRRUJBUVVBQTRJQkR3QXdnZ0VLCkFvSUJBUUNYdmtHOVVlb2JPeWVaNXgwd21GRGVSMWJhbTBvMkJRazVQbG9mK3BoamFTNm9YalNjV010bjNEQzUKWFJ3aktVMUdNU091U0IzbmlaY2NWTUxYUG8rQ1JvUm9CSGpZeXRKQ3dWMG96ZHBicEE4djVFRkM0U0hBWGQwaQpKL0toOHJwWkFPZmFsL1FoTDFFZWVLd2tyOXJrOTBnQm1DVklWek9zODRiMnRadHpWVXdLNjU2VmcwNFlzY2FWClg4dEswSllmL1lzQjUrVkpuNDlEWGNHQUl4NHRXNHFzRC9oUVNDdVN3REFESllpU1BKWlczRW15TTZ6YlY4TnMKditPTG1TeFhWTm5TWjJEbkYxMmxzWGphREU0SDBGS3dOczd5dDFoMFhGQ04rOU9lM3BTODBPZHVMVFNoWjdCVwpXeTI4VEtXM21NTHhEVml1Tm15eTlNUTFYaWdmQWdNQkFBR2pXVEJYTUE0R0ExVWREd0VCL3dRRUF3SUNwREFQCkJnTlZIUk1CQWY4RUJUQURBUUgvTUIwR0ExVWREZ1FXQkJRdW9XSFFGWDdCVFRYc1AyMTU2WHJhaVB5ZUl6QVYKQmdOVkhSRUVEakFNZ2dwcmRXSmxjbTVsZEdWek1BMEdDU3FHU0liM0RRRUJDd1VBQTRJQkFRQ0VTRW9OWC9KVAppNjU2YzNDNDVudTNaMWhTUnRqdUsyRnFKd2N4RnhvUko3SDF1dWEyT1ppYlVrQWVTRG1xUWxhbDNRT3M0YzhUCkg5NktYcWw1a2lBcG4vQXovTVNmaGF2UnBOTDFFNHdBRTdQWTFiaGRnRVhLWENZOCtwRlpialEvck80N1hmNG0KeEt5cGVCS1ZscXpIdVR3T0toNUdEdkhSZ3B4NEFjZWNvN1pDLzB0a3p5eklzaElKa0lhUjZRek1NcXBDNEtYbQphWlJSOVZoNHpKL3dxR0FQc20wR09pdHZKTmsraGkvVDFPTU9LVEdTYmVxOThIOGQ0NG1JL3Rpa3NLVFk3ZW55CkN3eXpsTUo0YU5nQjlBUUVVczRldjh5ajdNS3h6aTlpWlZmSWtSNUk5OXV3citBSDg1SzVYTnZJc1hCRjhwNVoKL0dnd0xrenl2RGpSCi0tLS0tRU5EIENFUlRJRklDQVRFLS0tLS0K"
              }
            ],
            "cluster_id": null,
            "compute_config": [],
            "created_at": "2025-08-19T21:50:19Z",
            "enabled_cluster_log_types": [
              "api",
              "audit",
              "authenticator",
              "controllerManager",
              "scheduler"
            ],
            "encryption_config": [],
            "endpoint": "https://F5F5B167D1BD5D68C2D1C4E1FB457DE1.gr7.us-west-2.eks.amazonaws.com",
            "force_update_version": null,
            "id": "betterme-test-dev-eks-cluster",
            "identity": [
              {
                "oidc": [
                  {
                    "issuer": "https://oidc.eks.us-west-2.amazonaws.com/id/F5F5B167D1BD5D68C2D1C4E1FB457DE1"
                  }
                ]
              }
            ],
            "kubernetes_network_config": [
              {
                "elastic_load_balancing": [
                  {
                    "enabled": false
                  }
                ],
                "ip_family": "ipv4",
                "service_ipv4_cidr": "172.20.0.0/16",
                "service_ipv6_cidr": ""
              }
            ],
            "name": "betterme-test-dev-eks-cluster",
            "outpost_config": [],
            "platform_version": "eks.50",
            "remote_network_config": [],
            "role_arn": "arn:aws:iam::647582859245:role/betterme-test-dev-eks-service-role",
            "status": "ACTIVE",
            "storage_config": [],
            "tags": {
              "Environment": "dev",
              "ManagedBy": "terraform",
              "Owner": "betterme-devops-test",
              "Project": "betterme-test"
            },
            "tags_all": {
              "Environment": "dev",
              "ManagedBy": "terraform",
              "Owner": "betterme-devops-test",
              "Project": "betterme-test"
            },
            "timeouts": null,
            "upgrade_policy": [
              {
                "support_type": "EXTENDED"
              }
            ],
            "version": "1.28",
            "vpc_config": [
              {
                "cluster_security_group_id": "sg-04ff8a733ac8f357b",
                "endpoint_private_access": true,
                "endpoint_public_access": true,
                "public_access_cidrs": [
                  "0.0.0.0/0"
                ],
                "security_group_ids": [],
                "subnet_ids": [
                  "subnet-04c216d6a5facb94c",
                  "subnet-077353152791b7a31",
                  "subnet-0a62acc794beeb657",
                  "subnet-0f941ce8aa2f5b338"
                ],
                "vpc_id": "vpc-0104d4525e085937e"
              }
            ],
            "zonal_shift_config": []
          },
          "sensitive_attributes": [],
          "identity_schema_version": 0,
          "private": "eyJlMmJmYjczMC1lY2FhLTExZTYtOGY4OC0zNDM2M2JjN2M0YzAiOnsiY3JlYXRlIjoxODAwMDAwMDAwMDAwLCJkZWxldGUiOjkwMDAwMDAwMDAwMCwidXBkYXRlIjozNjAwMDAwMDAwMDAwfSwic2NoZW1hX3ZlcnNpb24iOiIxIn0=",
          "dependencies": [
            "data.aws_availability_zones.available",
            "module.eks.aws_cloudwatch_log_group.eks_cluster_log_group",
            "module.security.aws_iam_role.eks_service_role",
            "module.security.data.aws_iam_policy_document.eks_assume_role_policy",
            "module.vpc.aws_subnet.private",
            "module.vpc.aws_subnet.public",
            "module.vpc.aws_vpc.main"
          ]
        }
      ]
    },
    {
      "module": "module.eks",
      "mode": "managed",
      "type": "aws_eks_node_group",
      "name": "main",
      "provider": "provider[\"registry.terraform.io/hashicorp/aws\"]",
      "instances": [
        {
          "schema_version": 0,
          "attributes": {
            "ami_type": "AL2_ARM_64",
            "arn": "arn:aws:eks:us-west-2:647582859245:nodegroup/betterme-test-dev-eks-cluster/betterme-test-dev-eks-cluster-node-group/1ccc624d-13e0-0097-6c79-0b3f2e926609",
            "capacity_type": "ON_DEMAND",
            "cluster_name": "betterme-test-dev-eks-cluster",
            "disk_size": 20,
            "force_update_version": null,
            "id": "betterme-test-dev-eks-cluster:betterme-test-dev-eks-cluster-node-group",
            "instance_types": [
              "t4g.micro"
            ],
            "labels": {
              "environment": "dev",
              "role": "worker"
            },
            "launch_template": [],
            "node_group_name": "betterme-test-dev-eks-cluster-node-group",
            "node_group_name_prefix": "",
            "node_repair_config": [],
            "node_role_arn": "arn:aws:iam::647582859245:role/betterme-test-dev-eks-node-role",
            "release_version": "1.28.15-20250813",
            "remote_access": [],
            "resources": [
              {
                "autoscaling_groups": [
                  {
                    "name": "eks-betterme-test-dev-eks-cluster-node-group-1ccc624d-13e0-0097-6c79-0b3f2e926609"
                  }
                ],
                "remote_access_security_group_id": ""
              }
            ],
            "scaling_config": [
              {
                "desired_size": 2,
                "max_size": 2,
                "min_size": 2
              }
            ],
            "status": "ACTIVE",
            "subnet_ids": [
              "subnet-04c216d6a5facb94c",
              "subnet-0f941ce8aa2f5b338"
            ],
            "tags": {
              "Environment": "dev",
              "ManagedBy": "terraform",
              "Name": "betterme-test-dev-eks-cluster-node-group",
              "Owner": "betterme-devops-test",
              "Project": "betterme-test"
            },
            "tags_all": {
              "Environment": "dev",
              "ManagedBy": "terraform",
              "Name": "betterme-test-dev-eks-cluster-node-group",
              "Owner": "betterme-devops-test",
              "Project": "betterme-test"
            },
            "taint": [],
            "timeouts": null,
            "update_config": [
              {
                "max_unavailable": 1,
                "max_unavailable_percentage": 0
              }
            ],
            "version": "1.28"
          },
          "sensitive_attributes": [],
          "identity_schema_version": 0,
          "private": "eyJlMmJmYjczMC1lY2FhLTExZTYtOGY4OC0zNDM2M2JjN2M0YzAiOnsiY3JlYXRlIjozNjAwMDAwMDAwMDAwLCJkZWxldGUiOjM2MDAwMDAwMDAwMDAsInVwZGF0ZSI6MzYwMDAwMDAwMDAwMH19",
          "dependencies": [
            "data.aws_availability_zones.available",
            "module.eks.aws_cloudwatch_log_group.eks_cluster_log_group",
            "module.eks.aws_eks_cluster.main",
            "module.security.aws_iam_role.eks_node_role",
            "module.security.aws_iam_role.eks_service_role",
            "module.security.data.aws_iam_policy_document.eks_assume_role_policy",
            "module.security.data.aws_iam_policy_document.node_assume_role_policy",
            "module.vpc.aws_subnet.private",
            "module.vpc.aws_subnet.public",
            "module.vpc.aws_vpc.main"
          ]
        }
      ]
    },
    {
      "module": "module.eks",
      "mode": "managed",
      "type": "aws_iam_openid_connect_provider",
      "name": "eks_cluster_oidc",
      "provider": "provider[\"registry.terraform.io/hashicorp/aws\"]",
      "instances": [
        {
          "schema_version": 0,
          "attributes": {
            "arn": "arn:aws:iam::647582859245:oidc-provider/oidc.eks.us-west-2.amazonaws.com/id/F5F5B167D1BD5D68C2D1C4E1FB457DE1",
            "client_id_list": [
              "sts.amazonaws.com"
            ],
            "id": "arn:aws:iam::647582859245:oidc-provider/oidc.eks.us-west-2.amazonaws.com/id/F5F5B167D1BD5D68C2D1C4E1FB457DE1",
            "tags": {
              "Environment": "dev",
              "ManagedBy": "terraform",
              "Name": "betterme-test-dev-eks-cluster-oidc",
              "Owner": "betterme-devops-test",
              "Project": "betterme-test"
            },
            "tags_all": {
              "Environment": "dev",
              "ManagedBy": "terraform",
              "Name": "betterme-test-dev-eks-cluster-oidc",
              "Owner": "betterme-devops-test",
              "Project": "betterme-test"
            },
            "thumbprint_list": [
              "9e99a48a9960b14926bb7f3b02e22da2b0ab7280"
            ],
            "url": "oidc.eks.us-west-2.amazonaws.com/id/F5F5B167D1BD5D68C2D1C4E1FB457DE1"
          },
          "sensitive_attributes": [],
          "identity_schema_version": 0,
          "private": "bnVsbA==",
          "dependencies": [
            "data.aws_availability_zones.available",
            "module.eks.aws_cloudwatch_log_group.eks_cluster_log_group",
            "module.eks.aws_eks_cluster.main",
            "module.eks.data.tls_certificate.eks_cluster_tls",
            "module.security.aws_iam_role.eks_service_role",
            "module.security.data.aws_iam_policy_document.eks_assume_role_policy",
            "module.vpc.aws_subnet.private",
            "module.vpc.aws_subnet.public",
            "module.vpc.aws_vpc.main"
          ]
        }
      ]
    },
    {
      "module": "module.eks",
      "mode": "managed",
      "type": "aws_iam_policy",
      "name": "app_s3_policy",
      "provider": "provider[\"registry.terraform.io/hashicorp/aws\"]",
      "instances": [
        {
          "schema_version": 0,
          "attributes": {
            "arn": "arn:aws:iam::647582859245:policy/betterme-test-dev-irsa-s3-policy",
            "attachment_count": 1,
            "description": "IAM policy for S3 access via IRSA",
            "id": "arn:aws:iam::647582859245:policy/betterme-test-dev-irsa-s3-policy",
            "name": "betterme-test-dev-irsa-s3-policy",
            "name_prefix": "",
            "path": "/",
            "policy": "{\"Statement\":[{\"Action\":[\"s3:GetObject\",\"s3:PutObject\",\"s3:DeleteObject\",\"s3:ListBucket\"],\"Effect\":\"Allow\",\"Resource\":[\"arn:aws:s3:::betterme-test-dev-public-56ctrdie\",\"arn:aws:s3:::betterme-test-dev-public-56ctrdie/*\",\"arn:aws:s3:::betterme-test-dev-private-56ctrdie\",\"arn:aws:s3:::betterme-test-dev-private-56ctrdie/*\"]}],\"Version\":\"2012-10-17\"}",
            "policy_id": "ANPAZNRXSH7WTGT2TB32Z",
            "tags": {
              "Environment": "dev",
              "ManagedBy": "terraform",
              "Owner": "betterme-devops-test",
              "Project": "betterme-test"
            },
            "tags_all": {
              "Environment": "dev",
              "ManagedBy": "terraform",
              "Owner": "betterme-devops-test",
              "Project": "betterme-test"
            }
          },
          "sensitive_attributes": [],
          "identity_schema_version": 0,
          "private": "bnVsbA==",
          "dependencies": [
            "module.s3.aws_s3_bucket.private",
            "module.s3.aws_s3_bucket.public",
            "module.s3.random_string.bucket_suffix"
          ]
        }
      ]
    },
    {
      "module": "module.eks",
      "mode": "managed",
      "type": "aws_iam_role",
      "name": "app_service_account_role",
      "provider": "provider[\"registry.terraform.io/hashicorp/aws\"]",
      "instances": [
        {
          "schema_version": 0,
          "attributes": {
            "arn": "arn:aws:iam::647582859245:role/betterme-test-dev-app-role",
            "assume_role_policy": "{\"Statement\":[{\"Action\":\"sts:AssumeRoleWithWebIdentity\",\"Condition\":{\"StringEquals\":{\"oidc.eks.us-west-2.amazonaws.com/id/F5F5B167D1BD5D68C2D1C4E1FB457DE1:aud\":\"sts.amazonaws.com\",\"oidc.eks.us-west-2.amazonaws.com/id/F5F5B167D1BD5D68C2D1C4E1FB457DE1:sub\":\"system:serviceaccount:betterme-test:betterme-test-service-account\"}},\"Effect\":\"Allow\",\"Principal\":{\"Federated\":\"arn:aws:iam::647582859245:oidc-provider/oidc.eks.us-west-2.amazonaws.com/id/F5F5B167D1BD5D68C2D1C4E1FB457DE1\"}}],\"Version\":\"2012-10-17\"}",
            "create_date": "2025-08-19T22:01:06Z",
            "description": "",
            "force_detach_policies": false,
            "id": "betterme-test-dev-app-role",
            "inline_policy": [],
            "managed_policy_arns": [
              "arn:aws:iam::647582859245:policy/betterme-test-dev-irsa-s3-policy"
            ],
            "max_session_duration": 3600,
            "name": "betterme-test-dev-app-role",
            "name_prefix": "",
            "path": "/",
            "permissions_boundary": "",
            "tags": {
              "Environment": "dev",
              "ManagedBy": "terraform",
              "Owner": "betterme-devops-test",
              "Project": "betterme-test"
            },
            "tags_all": {
              "Environment": "dev",
              "ManagedBy": "terraform",
              "Owner": "betterme-devops-test",
              "Project": "betterme-test"
            },
            "unique_id": "AROAZNRXSH7WWES332YIK"
          },
          "sensitive_attributes": [],
          "identity_schema_version": 0,
          "private": "bnVsbA==",
          "dependencies": [
            "data.aws_availability_zones.available",
            "module.eks.aws_cloudwatch_log_group.eks_cluster_log_group",
            "module.eks.aws_eks_cluster.main",
            "module.eks.aws_iam_openid_connect_provider.eks_cluster_oidc",
            "module.eks.data.tls_certificate.eks_cluster_tls",
            "module.security.aws_iam_role.eks_service_role",
            "module.security.data.aws_iam_policy_document.eks_assume_role_policy",
            "module.vpc.aws_subnet.private",
            "module.vpc.aws_subnet.public",
            "module.vpc.aws_vpc.main"
          ]
        }
      ]
    },
    {
      "module": "module.eks",
      "mode": "managed",
      "type": "aws_iam_role_policy_attachment",
      "name": "app_s3_policy_attachment",
      "provider": "provider[\"registry.terraform.io/hashicorp/aws\"]",
      "instances": [
        {
          "schema_version": 0,
          "attributes": {
            "id": "betterme-test-dev-app-role-20250819221153620100000001",
            "policy_arn": "arn:aws:iam::647582859245:policy/betterme-test-dev-irsa-s3-policy",
            "role": "betterme-test-dev-app-role"
          },
          "sensitive_attributes": [],
          "identity_schema_version": 0,
          "private": "bnVsbA==",
          "dependencies": [
            "data.aws_availability_zones.available",
            "module.eks.aws_cloudwatch_log_group.eks_cluster_log_group",
            "module.eks.aws_eks_cluster.main",
            "module.eks.aws_iam_openid_connect_provider.eks_cluster_oidc",
            "module.eks.aws_iam_policy.app_s3_policy",
            "module.eks.aws_iam_role.app_service_account_role",
            "module.eks.data.tls_certificate.eks_cluster_tls",
            "module.s3.aws_s3_bucket.private",
            "module.s3.aws_s3_bucket.public",
            "module.s3.random_string.bucket_suffix",
            "module.security.aws_iam_role.eks_service_role",
            "module.security.data.aws_iam_policy_document.eks_assume_role_policy",
            "module.vpc.aws_subnet.private",
            "module.vpc.aws_subnet.public",
            "module.vpc.aws_vpc.main"
          ]
        }
      ]
    },
    {
      "module": "module.eks",
      "mode": "managed",
      "type": "kubernetes_config_map",
      "name": "app_config",
      "provider": "provider[\"registry.terraform.io/hashicorp/kubernetes\"]",
      "instances": [
        {
          "schema_version": 0,
          "attributes": {
            "binary_data": {},
            "data": {
              "aws_region": "us-west-2",
              "database_url": "postgresql://postgres:L%23%2Bm2bbCMZSWDkC%25t%3Ezj@betterme-test-dev-postgres.c1a86ow82ite.us-west-2.rds.amazonaws.com:5432/betterme",
              "private_bucket_url": "betterme-test-dev-private-56ctrdie",
              "public_bucket_url": "betterme-test-dev-public-56ctrdie"
            },
            "id": "betterme-test/betterme-test-config",
            "immutable": false,
            "metadata": [
              {
                "annotations": {},
                "generate_name": "",
                "generation": 0,
                "labels": {},
                "name": "betterme-test-config",
                "namespace": "betterme-test",
                "resource_version": "19969",
                "uid": "9fa3effb-3e15-44db-a0b2-114aeb80d84b"
              }
            ]
          },
          "sensitive_attributes": [
            [
              {
                "type": "get_attr",
                "value": "data"
              },
              {
                "type": "index",
                "value": {
                  "value": "database_url",
                  "type": "string"
                }
              }
            ]
          ],
          "identity_schema_version": 1,
          "identity": {
            "api_version": "v1",
            "kind": "ConfigMap",
            "name": "betterme-test-config",
            "namespace": "betterme-test"
          },
          "private": "bnVsbA==",
          "dependencies": [
            "data.aws_availability_zones.available",
            "module.eks.aws_cloudwatch_log_group.eks_cluster_log_group",
            "module.eks.aws_eks_cluster.main",
            "module.eks.aws_eks_node_group.main",
            "module.eks.kubernetes_namespace.app_namespace",
            "module.rds.aws_db_instance.main",
            "module.rds.aws_db_parameter_group.main",
            "module.rds.random_password.db_password",
            "module.s3.aws_s3_bucket.private",
            "module.s3.aws_s3_bucket.public",
            "module.s3.random_string.bucket_suffix",
            "module.security.aws_iam_role.eks_node_role",
            "module.security.aws_iam_role.eks_service_role",
            "module.security.aws_security_group.database",
            "module.security.aws_security_group.eks_cluster",
            "module.security.data.aws_iam_policy_document.eks_assume_role_policy",
            "module.security.data.aws_iam_policy_document.node_assume_role_policy",
            "module.vpc.aws_db_subnet_group.database",
            "module.vpc.aws_subnet.database",
            "module.vpc.aws_subnet.private",
            "module.vpc.aws_subnet.public",
            "module.vpc.aws_vpc.main"
          ]
        }
      ]
    },
    {
      "module": "module.eks",
      "mode": "managed",
      "type": "kubernetes_namespace",
      "name": "app_namespace",
      "provider": "provider[\"registry.terraform.io/hashicorp/kubernetes\"]",
      "instances": [
        {
          "schema_version": 0,
          "attributes": {
            "id": "betterme-test",
            "metadata": [
              {
                "annotations": {},
                "generate_name": "",
                "generation": 0,
                "labels": {
                  "environment": "dev",
                  "name": "betterme-test"
                },
                "name": "betterme-test",
                "resource_version": "2014",
                "uid": "769f3b5f-52b2-410f-a698-ad45c481e172"
              }
            ],
            "timeouts": null,
            "wait_for_default_service_account": false
          },
          "sensitive_attributes": [],
          "identity_schema_version": 1,
          "identity": {
            "api_version": "v1",
            "kind": "Namespace",
            "name": "betterme-test"
          },
          "private": "eyJlMmJmYjczMC1lY2FhLTExZTYtOGY4OC0zNDM2M2JjN2M0YzAiOnsiZGVsZXRlIjozMDAwMDAwMDAwMDB9fQ==",
          "dependencies": [
            "data.aws_availability_zones.available",
            "module.eks.aws_cloudwatch_log_group.eks_cluster_log_group",
            "module.eks.aws_eks_cluster.main",
            "module.eks.aws_eks_node_group.main",
            "module.security.aws_iam_role.eks_node_role",
            "module.security.aws_iam_role.eks_service_role",
            "module.security.data.aws_iam_policy_document.eks_assume_role_policy",
            "module.security.data.aws_iam_policy_document.node_assume_role_policy",
            "module.vpc.aws_subnet.private",
            "module.vpc.aws_subnet.public",
            "module.vpc.aws_vpc.main"
          ]
        }
      ]
    },
    {
      "module": "module.eks",
      "mode": "managed",
      "type": "kubernetes_secret",
      "name": "aws_credentials",
      "provider": "provider[\"registry.terraform.io/hashicorp/kubernetes\"]",
      "instances": [
        {
          "schema_version": 0,
          "attributes": {
            "binary_data": null,
            "binary_data_wo": null,
            "binary_data_wo_revision": null,
            "data": {
              "access_key_id": "AKIAZNRXSH7W4WCURCWT",
              "secret_access_key": "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"
            },
            "data_wo": null,
            "data_wo_revision": null,
            "id": "betterme-test/betterme-test-aws-credentials",
            "immutable": false,
            "metadata": [
              {
                "annotations": {},
                "generate_name": "",
                "generation": 0,
                "labels": {},
                "name": "betterme-test-aws-credentials",
                "namespace": "betterme-test",
                "resource_version": "2018",
                "uid": "0fa42fec-3cd3-4aad-8282-543de941b5c6"
              }
            ],
            "timeouts": null,
            "type": "Opaque",
            "wait_for_service_account_token": true
          },
          "sensitive_attributes": [
            [
              {
                "type": "get_attr",
                "value": "binary_data"
              }
            ],
            [
              {
                "type": "get_attr",
                "value": "data"
              }
            ],
            [
              {
                "type": "get_attr",
                "value": "data"
              },
              {
                "type": "index",
                "value": {
                  "value": "access_key_id",
                  "type": "string"
                }
              }
            ],
            [
              {
                "type": "get_attr",
                "value": "data"
              },
              {
                "type": "index",
                "value": {
                  "value": "secret_access_key",
                  "type": "string"
                }
              }
            ]
          ],
          "identity_schema_version": 1,
          "identity": {
            "api_version": "v1",
            "kind": "Secret",
            "name": "betterme-test-aws-credentials",
            "namespace": "betterme-test"
          },
          "private": "eyJlMmJmYjczMC1lY2FhLTExZTYtOGY4OC0zNDM2M2JjN2M0YzAiOnsiY3JlYXRlIjo2MDAwMDAwMDAwMH19",
          "dependencies": [
            "data.aws_availability_zones.available",
            "module.eks.aws_cloudwatch_log_group.eks_cluster_log_group",
            "module.eks.aws_eks_cluster.main",
            "module.eks.aws_eks_node_group.main",
            "module.eks.kubernetes_namespace.app_namespace",
            "module.security.aws_iam_access_key.s3_application_user",
            "module.security.aws_iam_role.eks_node_role",
            "module.security.aws_iam_role.eks_service_role",
            "module.security.aws_iam_user.s3_application_user",
            "module.security.data.aws_iam_policy_document.eks_assume_role_policy",
            "module.security.data.aws_iam_policy_document.node_assume_role_policy",
            "module.vpc.aws_subnet.private",
            "module.vpc.aws_subnet.public",
            "module.vpc.aws_vpc.main"
          ]
        }
      ]
    },
    {
      "module": "module.eks",
      "mode": "managed",
      "type": "kubernetes_service_account",
      "name": "app_service_account",
      "provider": "provider[\"registry.terraform.io/hashicorp/kubernetes\"]",
      "instances": [
        {
          "schema_version": 0,
          "attributes": {
            "automount_service_account_token": true,
            "default_secret_name": "",
            "id": "betterme-test/betterme-test-service-account",
            "image_pull_secret": [],
            "metadata": [
              {
                "annotations": {
                  "eks.amazonaws.com/role-arn": "arn:aws:iam::647582859245:role/betterme-test-dev-app-role"
                },
                "generate_name": "",
                "generation": 0,
                "labels": {},
                "name": "betterme-test-service-account",
                "namespace": "betterme-test",
                "resource_version": "2020",
                "uid": "c1e859a6-e12a-4da0-b3d1-c0d5f14d9c38"
              }
            ],
            "secret": [],
            "timeouts": null
          },
          "sensitive_attributes": [],
          "identity_schema_version": 1,
          "identity": {
            "api_version": "v1",
            "kind": "ServiceAccount",
            "name": "betterme-test-service-account",
            "namespace": "betterme-test"
          },
          "private": "eyJlMmJmYjczMC1lY2FhLTExZTYtOGY4OC0zNDM2M2JjN2M0YzAiOnsiY3JlYXRlIjozMDAwMDAwMDAwMH19",
          "dependencies": [
            "data.aws_availability_zones.available",
            "module.eks.aws_cloudwatch_log_group.eks_cluster_log_group",
            "module.eks.aws_eks_cluster.main",
            "module.eks.aws_eks_node_group.main",
            "module.eks.aws_iam_openid_connect_provider.eks_cluster_oidc",
            "module.eks.aws_iam_role.app_service_account_role",
            "module.eks.data.tls_certificate.eks_cluster_tls",
            "module.eks.kubernetes_namespace.app_namespace",
            "module.security.aws_iam_role.eks_node_role",
            "module.security.aws_iam_role.eks_service_role",
            "module.security.data.aws_iam_policy_document.eks_assume_role_policy",
            "module.security.data.aws_iam_policy_document.node_assume_role_policy",
            "module.vpc.aws_subnet.private",
            "module.vpc.aws_subnet.public",
            "module.vpc.aws_vpc.main"
          ]
        }
      ]
    },
    {
      "module": "module.rds",
      "mode": "managed",
      "type": "aws_db_instance",
      "name": "main",
      "provider": "provider[\"registry.terraform.io/hashicorp/aws\"]",
      "instances": [
        {
          "schema_version": 2,
          "attributes": {
            "address": "betterme-test-dev-postgres.c1a86ow82ite.us-west-2.rds.amazonaws.com",
            "allocated_storage": 20,
            "allow_major_version_upgrade": null,
            "apply_immediately": false,
            "arn": "arn:aws:rds:us-west-2:647582859245:db:betterme-test-dev-postgres",
            "auto_minor_version_upgrade": true,
            "availability_zone": "us-west-2a",
            "backup_retention_period": 0,
            "backup_target": "region",
            "backup_window": "10:06-10:36",
            "blue_green_update": [],
            "ca_cert_identifier": "rds-ca-rsa2048-g1",
            "character_set_name": "",
            "copy_tags_to_snapshot": false,
            "custom_iam_instance_profile": "",
            "customer_owned_ip_enabled": false,
            "database_insights_mode": "standard",
            "db_name": "betterme",
            "db_subnet_group_name": "betterme-test-dev-db-subnet-group",
            "dedicated_log_volume": false,
            "delete_automated_backups": true,
            "deletion_protection": false,
            "domain": "",
            "domain_auth_secret_arn": "",
            "domain_dns_ips": [],
            "domain_fqdn": "",
            "domain_iam_role_name": "",
            "domain_ou": "",
            "enabled_cloudwatch_logs_exports": [],
            "endpoint": "betterme-test-dev-postgres.c1a86ow82ite.us-west-2.rds.amazonaws.com:5432",
            "engine": "postgres",
            "engine_lifecycle_support": "open-source-rds-extended-support",
            "engine_version": "16",
            "engine_version_actual": "16.3",
            "final_snapshot_identifier": null,
            "hosted_zone_id": "Z1PVIF0B656C1W",
            "iam_database_authentication_enabled": false,
            "id": "db-YDR74ODXCHTUEQRD5R4RXZSYQI",
            "identifier": "betterme-test-dev-postgres",
            "identifier_prefix": "",
            "instance_class": "db.t3.micro",
            "iops": 3000,
            "kms_key_id": "arn:aws:kms:us-west-2:647582859245:key/300c5682-074f-4413-868d-5ca0d0306284",
            "latest_restorable_time": "",
            "license_model": "postgresql-license",
            "listener_endpoint": [],
            "maintenance_window": "thu:12:49-thu:13:19",
            "manage_master_user_password": null,
            "master_user_secret": [],
            "master_user_secret_kms_key_id": null,
            "max_allocated_storage": 40,
            "monitoring_interval": 0,
            "monitoring_role_arn": "",
            "multi_az": false,
            "nchar_character_set_name": "",
            "network_type": "IPV4",
            "option_group_name": "default:postgres-16",
            "parameter_group_name": "betterme-test-dev-db-params",
            "password": "L#+m2bbCMZSWDkC%t\u003ezj",
            "password_wo": null,
            "password_wo_version": null,
            "performance_insights_enabled": false,
            "performance_insights_kms_key_id": "",
            "performance_insights_retention_period": 0,
            "port": 5432,
            "publicly_accessible": false,
            "replica_mode": "",
            "replicas": [],
            "replicate_source_db": "",
            "resource_id": "db-YDR74ODXCHTUEQRD5R4RXZSYQI",
            "restore_to_point_in_time": [],
            "s3_import": [],
            "skip_final_snapshot": true,
            "snapshot_identifier": null,
            "status": "available",
            "storage_encrypted": true,
            "storage_throughput": 125,
            "storage_type": "gp3",
            "tags": {
              "Environment": "dev",
              "ManagedBy": "terraform",
              "Name": "betterme-test-dev-postgres",
              "Owner": "betterme-devops-test",
              "Project": "betterme-test"
            },
            "tags_all": {
              "Environment": "dev",
              "ManagedBy": "terraform",
              "Name": "betterme-test-dev-postgres",
              "Owner": "betterme-devops-test",
              "Project": "betterme-test"
            },
            "timeouts": null,
            "timezone": "",
            "upgrade_storage_config": null,
            "username": "postgres",
            "vpc_security_group_ids": [
              "sg-02be3fdd0a2c97ac4"
            ]
          },
          "sensitive_attributes": [
            [
              {
                "type": "get_attr",
                "value": "password"
              }
            ],
            [
              {
                "type": "get_attr",
                "value": "password_wo"
              }
            ]
          ],
          "identity_schema_version": 0,
          "private": "eyJlMmJmYjczMC1lY2FhLTExZTYtOGY4OC0zNDM2M2JjN2M0YzAiOnsiY3JlYXRlIjozMDAwMDAwMDAwMDAwLCJkZWxldGUiOjM2MDAwMDAwMDAwMDAsInVwZGF0ZSI6NDgwMDAwMDAwMDAwMH0sInNjaGVtYV92ZXJzaW9uIjoiMiJ9",
          "dependencies": [
            "data.aws_availability_zones.available",
            "module.rds.aws_db_parameter_group.main",
            "module.rds.random_password.db_password",
            "module.security.aws_security_group.database",
            "module.security.aws_security_group.eks_cluster",
            "module.vpc.aws_db_subnet_group.database",
            "module.vpc.aws_subnet.database",
            "module.vpc.aws_vpc.main"
          ]
        }
      ]
    },
    {
      "module": "module.rds",
      "mode": "managed",
      "type": "aws_db_parameter_group",
      "name": "main",
      "provider": "provider[\"registry.terraform.io/hashicorp/aws\"]",
      "instances": [
        {
          "schema_version": 0,
          "attributes": {
            "arn": "arn:aws:rds:us-west-2:647582859245:pg:betterme-test-dev-db-params",
            "description": "Managed by Terraform",
            "family": "postgres16",
            "id": "betterme-test-dev-db-params",
            "name": "betterme-test-dev-db-params",
            "name_prefix": "",
            "parameter": [
              {
                "apply_method": "immediate",
                "name": "log_checkpoints",
                "value": "on"
              },
              {
                "apply_method": "immediate",
                "name": "log_connections",
                "value": "on"
              },
              {
                "apply_method": "immediate",
                "name": "log_disconnections",
                "value": "on"
              },
              {
                "apply_method": "immediate",
                "name": "log_min_duration_statement",
                "value": "170"
              },
              {
                "apply_method": "immediate",
                "name": "log_statement",
                "value": "all"
              }
            ],
            "skip_destroy": false,
            "tags": {
              "Environment": "dev",
              "ManagedBy": "terraform",
              "Owner": "betterme-devops-test",
              "Project": "betterme-test"
            },
            "tags_all": {
              "Environment": "dev",
              "ManagedBy": "terraform",
              "Owner": "betterme-devops-test",
              "Project": "betterme-test"
            }
          },
          "sensitive_attributes": [],
          "identity_schema_version": 0,
          "private": "bnVsbA=="
        }
      ]
    },
    {
      "module": "module.rds",
      "mode": "managed",
      "type": "random_password",
      "name": "db_password",
      "provider": "provider[\"registry.terraform.io/hashicorp/random\"]",
      "instances": [
        {
          "schema_version": 3,
          "attributes": {
            "bcrypt_hash": "$2a$10$e91njcjVEaBcIpHeHVGkeeLxwws02pfqMydYC2Jv0yyHXLSn6bcbi",
            "id": "none",
            "keepers": null,
            "length": 20,
            "lower": true,
            "min_lower": 0,
            "min_numeric": 0,
            "min_special": 0,
            "min_upper": 0,
            "number": true,
            "numeric": true,
            "override_special": "!#$%\u0026*()-_=+[]{}\u003c\u003e?~",
            "result": "L#+m2bbCMZSWDkC%t\u003ezj",
            "special": true,
            "upper": true
          },
          "sensitive_attributes": [
            [
              {
                "type": "get_attr",
                "value": "bcrypt_hash"
              }
            ],
            [
              {
                "type": "get_attr",
                "value": "result"
              }
            ]
          ],
          "identity_schema_version": 0
        }
      ]
    },
    {
      "module": "module.s3",
      "mode": "managed",
      "type": "aws_s3_bucket",
      "name": "private",
      "provider": "provider[\"registry.terraform.io/hashicorp/aws\"]",
      "instances": [
        {
          "schema_version": 0,
          "attributes": {
            "acceleration_status": "",
            "acl": null,
            "arn": "arn:aws:s3:::betterme-test-dev-private-56ctrdie",
            "bucket": "betterme-test-dev-private-56ctrdie",
            "bucket_domain_name": "betterme-test-dev-private-56ctrdie.s3.amazonaws.com",
            "bucket_prefix": "",
            "bucket_regional_domain_name": "betterme-test-dev-private-56ctrdie.s3.us-west-2.amazonaws.com",
            "cors_rule": [],
            "force_destroy": false,
            "grant": [
              {
                "id": "4e73b36ca09b80f39a41504b784ad96a5bd729836de50107de9ee08600f73f85",
                "permissions": [
                  "FULL_CONTROL"
                ],
                "type": "CanonicalUser",
                "uri": ""
              }
            ],
            "hosted_zone_id": "Z3BJ6K6RIION7M",
            "id": "betterme-test-dev-private-56ctrdie",
            "lifecycle_rule": [],
            "logging": [],
            "object_lock_configuration": [],
            "object_lock_enabled": false,
            "policy": "{\"Statement\":[{\"Action\":[\"s3:GetObject\",\"s3:PutObject\",\"s3:DeleteObject\",\"s3:ListBucket\"],\"Condition\":{\"StringEquals\":{\"aws:sourceVpc\":\"vpc-0104d4525e085937e\"}},\"Effect\":\"Allow\",\"Principal\":\"*\",\"Resource\":[\"arn:aws:s3:::betterme-test-dev-private-56ctrdie\",\"arn:aws:s3:::betterme-test-dev-private-56ctrdie/*\"],\"Sid\":\"VPCEndpointAccess\"}],\"Version\":\"2012-10-17\"}",
            "region": "us-west-2",
            "replication_configuration": [],
            "request_payer": "BucketOwner",
            "server_side_encryption_configuration": [
              {
                "rule": [
                  {
                    "apply_server_side_encryption_by_default": [
                      {
                        "kms_master_key_id": "",
                        "sse_algorithm": "AES256"
                      }
                    ],
                    "bucket_key_enabled": false
                  }
                ]
              }
            ],
            "tags": {
              "Environment": "dev",
              "ManagedBy": "terraform",
              "Name": "betterme-test-dev-private-bucket",
              "Owner": "betterme-devops-test",
              "Project": "betterme-test",
              "Type": "Private"
            },
            "tags_all": {
              "Environment": "dev",
              "ManagedBy": "terraform",
              "Name": "betterme-test-dev-private-bucket",
              "Owner": "betterme-devops-test",
              "Project": "betterme-test",
              "Type": "Private"
            },
            "timeouts": null,
            "versioning": [
              {
                "enabled": true,
                "mfa_delete": false
              }
            ],
            "website": [],
            "website_domain": null,
            "website_endpoint": null
          },
          "sensitive_attributes": [],
          "identity_schema_version": 0,
          "private": "eyJlMmJmYjczMC1lY2FhLTExZTYtOGY4OC0zNDM2M2JjN2M0YzAiOnsiY3JlYXRlIjoxMjAwMDAwMDAwMDAwLCJkZWxldGUiOjM2MDAwMDAwMDAwMDAsInJlYWQiOjEyMDAwMDAwMDAwMDAsInVwZGF0ZSI6MTIwMDAwMDAwMDAwMH19",
          "dependencies": [
            "module.s3.random_string.bucket_suffix"
          ]
        }
      ]
    },
    {
      "module": "module.s3",
      "mode": "managed",
      "type": "aws_s3_bucket",
      "name": "public",
      "provider": "provider[\"registry.terraform.io/hashicorp/aws\"]",
      "instances": [
        {
          "schema_version": 0,
          "attributes": {
            "acceleration_status": "",
            "acl": null,
            "arn": "arn:aws:s3:::betterme-test-dev-public-56ctrdie",
            "bucket": "betterme-test-dev-public-56ctrdie",
            "bucket_domain_name": "betterme-test-dev-public-56ctrdie.s3.amazonaws.com",
            "bucket_prefix": "",
            "bucket_regional_domain_name": "betterme-test-dev-public-56ctrdie.s3.us-west-2.amazonaws.com",
            "cors_rule": [],
            "force_destroy": false,
            "grant": [
              {
                "id": "4e73b36ca09b80f39a41504b784ad96a5bd729836de50107de9ee08600f73f85",
                "permissions": [
                  "FULL_CONTROL"
                ],
                "type": "CanonicalUser",
                "uri": ""
              }
            ],
            "hosted_zone_id": "Z3BJ6K6RIION7M",
            "id": "betterme-test-dev-public-56ctrdie",
            "lifecycle_rule": [],
            "logging": [],
            "object_lock_configuration": [],
            "object_lock_enabled": false,
            "policy": "{\"Statement\":[{\"Action\":\"s3:GetObject\",\"Effect\":\"Allow\",\"Principal\":\"*\",\"Resource\":\"arn:aws:s3:::betterme-test-dev-public-56ctrdie/*\",\"Sid\":\"PublicReadGetObject\"}],\"Version\":\"2012-10-17\"}",
            "region": "us-west-2",
            "replication_configuration": [],
            "request_payer": "BucketOwner",
            "server_side_encryption_configuration": [
              {
                "rule": [
                  {
                    "apply_server_side_encryption_by_default": [
                      {
                        "kms_master_key_id": "",
                        "sse_algorithm": "AES256"
                      }
                    ],
                    "bucket_key_enabled": false
                  }
                ]
              }
            ],
            "tags": {
              "Environment": "dev",
              "ManagedBy": "terraform",
              "Name": "betterme-test-dev-public-bucket",
              "Owner": "betterme-devops-test",
              "Project": "betterme-test",
              "Type": "Public"
            },
            "tags_all": {
              "Environment": "dev",
              "ManagedBy": "terraform",
              "Name": "betterme-test-dev-public-bucket",
              "Owner": "betterme-devops-test",
              "Project": "betterme-test",
              "Type": "Public"
            },
            "timeouts": null,
            "versioning": [
              {
                "enabled": true,
                "mfa_delete": false
              }
            ],
            "website": [],
            "website_domain": null,
            "website_endpoint": null
          },
          "sensitive_attributes": [],
          "identity_schema_version": 0,
          "private": "eyJlMmJmYjczMC1lY2FhLTExZTYtOGY4OC0zNDM2M2JjN2M0YzAiOnsiY3JlYXRlIjoxMjAwMDAwMDAwMDAwLCJkZWxldGUiOjM2MDAwMDAwMDAwMDAsInJlYWQiOjEyMDAwMDAwMDAwMDAsInVwZGF0ZSI6MTIwMDAwMDAwMDAwMH19",
          "dependencies": [
            "module.s3.random_string.bucket_suffix"
          ]
        }
      ]
    },
    {
      "module": "module.s3",
      "mode": "managed",
      "type": "aws_s3_bucket_policy",
      "name": "private",
      "provider": "provider[\"registry.terraform.io/hashicorp/aws\"]",
      "instances": [
        {
          "schema_version": 0,
          "attributes": {
            "bucket": "betterme-test-dev-private-56ctrdie",
            "id": "betterme-test-dev-private-56ctrdie",
            "policy": "{\"Statement\":[{\"Action\":[\"s3:GetObject\",\"s3:PutObject\",\"s3:DeleteObject\",\"s3:ListBucket\"],\"Condition\":{\"StringEquals\":{\"aws:sourceVpc\":\"vpc-0104d4525e085937e\"}},\"Effect\":\"Allow\",\"Principal\":\"*\",\"Resource\":[\"arn:aws:s3:::betterme-test-dev-private-56ctrdie\",\"arn:aws:s3:::betterme-test-dev-private-56ctrdie/*\"],\"Sid\":\"VPCEndpointAccess\"}],\"Version\":\"2012-10-17\"}"
          },
          "sensitive_attributes": [],
          "identity_schema_version": 0,
          "private": "bnVsbA==",
          "dependencies": [
            "module.s3.aws_s3_bucket.private",
            "module.s3.aws_s3_bucket_public_access_block.private",
            "module.s3.random_string.bucket_suffix",
            "module.vpc.aws_vpc.main"
          ]
        }
      ]
    },
    {
      "module": "module.s3",
      "mode": "managed",
      "type": "aws_s3_bucket_policy",
      "name": "public",
      "provider": "provider[\"registry.terraform.io/hashicorp/aws\"]",
      "instances": [
        {
          "schema_version": 0,
          "attributes": {
            "bucket": "betterme-test-dev-public-56ctrdie",
            "id": "betterme-test-dev-public-56ctrdie",
            "policy": "{\"Statement\":[{\"Action\":[\"s3:GetObject\"],\"Effect\":\"Allow\",\"Principal\":\"*\",\"Resource\":\"arn:aws:s3:::betterme-test-dev-public-56ctrdie/*\",\"Sid\":\"PublicReadGetObject\"}],\"Version\":\"2012-10-17\"}"
          },
          "sensitive_attributes": [],
          "identity_schema_version": 0,
          "private": "bnVsbA==",
          "dependencies": [
            "module.s3.aws_s3_bucket.public",
            "module.s3.aws_s3_bucket_public_access_block.public",
            "module.s3.random_string.bucket_suffix"
          ]
        }
      ]
    },
    {
      "module": "module.s3",
      "mode": "managed",
      "type": "aws_s3_bucket_public_access_block",
      "name": "private",
      "provider": "provider[\"registry.terraform.io/hashicorp/aws\"]",
      "instances": [
        {
          "schema_version": 0,
          "attributes": {
            "block_public_acls": true,
            "block_public_policy": true,
            "bucket": "betterme-test-dev-private-56ctrdie",
            "id": "betterme-test-dev-private-56ctrdie",
            "ignore_public_acls": true,
            "restrict_public_buckets": true
          },
          "sensitive_attributes": [],
          "identity_schema_version": 0,
          "private": "bnVsbA==",
          "dependencies": [
            "module.s3.aws_s3_bucket.private",
            "module.s3.random_string.bucket_suffix"
          ]
        }
      ]
    },
    {
      "module": "module.s3",
      "mode": "managed",
      "type": "aws_s3_bucket_public_access_block",
      "name": "public",
      "provider": "provider[\"registry.terraform.io/hashicorp/aws\"]",
      "instances": [
        {
          "schema_version": 0,
          "attributes": {
            "block_public_acls": false,
            "block_public_policy": false,
            "bucket": "betterme-test-dev-public-56ctrdie",
            "id": "betterme-test-dev-public-56ctrdie",
            "ignore_public_acls": false,
            "restrict_public_buckets": false
          },
          "sensitive_attributes": [],
          "identity_schema_version": 0,
          "private": "bnVsbA==",
          "dependencies": [
            "module.s3.aws_s3_bucket.public",
            "module.s3.random_string.bucket_suffix"
          ]
        }
      ]
    },
    {
      "module": "module.s3",
      "mode": "managed",
      "type": "aws_s3_bucket_server_side_encryption_configuration",
      "name": "private",
      "provider": "provider[\"registry.terraform.io/hashicorp/aws\"]",
      "instances": [
        {
          "schema_version": 0,
          "attributes": {
            "bucket": "betterme-test-dev-private-56ctrdie",
            "expected_bucket_owner": "",
            "id": "betterme-test-dev-private-56ctrdie",
            "rule": [
              {
                "apply_server_side_encryption_by_default": [
                  {
                    "kms_master_key_id": "",
                    "sse_algorithm": "AES256"
                  }
                ],
                "bucket_key_enabled": false
              }
            ]
          },
          "sensitive_attributes": [],
          "identity_schema_version": 0,
          "private": "bnVsbA==",
          "dependencies": [
            "module.s3.aws_s3_bucket.private",
            "module.s3.random_string.bucket_suffix"
          ]
        }
      ]
    },
    {
      "module": "module.s3",
      "mode": "managed",
      "type": "aws_s3_bucket_server_side_encryption_configuration",
      "name": "public",
      "provider": "provider[\"registry.terraform.io/hashicorp/aws\"]",
      "instances": [
        {
          "schema_version": 0,
          "attributes": {
            "bucket": "betterme-test-dev-public-56ctrdie",
            "expected_bucket_owner": "",
            "id": "betterme-test-dev-public-56ctrdie",
            "rule": [
              {
                "apply_server_side_encryption_by_default": [
                  {
                    "kms_master_key_id": "",
                    "sse_algorithm": "AES256"
                  }
                ],
                "bucket_key_enabled": false
              }
            ]
          },
          "sensitive_attributes": [],
          "identity_schema_version": 0,
          "private": "bnVsbA==",
          "dependencies": [
            "module.s3.aws_s3_bucket.public",
            "module.s3.random_string.bucket_suffix"
          ]
        }
      ]
    },
    {
      "module": "module.s3",
      "mode": "managed",
      "type": "aws_s3_bucket_versioning",
      "name": "private",
      "provider": "provider[\"registry.terraform.io/hashicorp/aws\"]",
      "instances": [
        {
          "schema_version": 0,
          "attributes": {
            "bucket": "betterme-test-dev-private-56ctrdie",
            "expected_bucket_owner": "",
            "id": "betterme-test-dev-private-56ctrdie",
            "mfa": null,
            "versioning_configuration": [
              {
                "mfa_delete": "",
                "status": "Enabled"
              }
            ]
          },
          "sensitive_attributes": [],
          "identity_schema_version": 0,
          "private": "bnVsbA==",
          "dependencies": [
            "module.s3.aws_s3_bucket.private",
            "module.s3.random_string.bucket_suffix"
          ]
        }
      ]
    },
    {
      "module": "module.s3",
      "mode": "managed",
      "type": "aws_s3_bucket_versioning",
      "name": "public",
      "provider": "provider[\"registry.terraform.io/hashicorp/aws\"]",
      "instances": [
        {
          "schema_version": 0,
          "attributes": {
            "bucket": "betterme-test-dev-public-56ctrdie",
            "expected_bucket_owner": "",
            "id": "betterme-test-dev-public-56ctrdie",
            "mfa": null,
            "versioning_configuration": [
              {
                "mfa_delete": "",
                "status": "Enabled"
              }
            ]
          },
          "sensitive_attributes": [],
          "identity_schema_version": 0,
          "private": "bnVsbA==",
          "dependencies": [
            "module.s3.aws_s3_bucket.public",
            "module.s3.random_string.bucket_suffix"
          ]
        }
      ]
    },
    {
      "module": "module.s3",
      "mode": "managed",
      "type": "aws_s3_object",
      "name": "private_test",
      "provider": "provider[\"registry.terraform.io/hashicorp/aws\"]",
      "instances": [
        {
          "schema_version": 0,
          "attributes": {
            "acl": null,
            "arn": "arn:aws:s3:::betterme-test-dev-private-56ctrdie/test.txt",
            "bucket": "betterme-test-dev-private-56ctrdie",
            "bucket_key_enabled": false,
            "cache_control": "",
            "checksum_algorithm": null,
            "checksum_crc32": "",
            "checksum_crc32c": "",
            "checksum_crc64nvme": "",
            "checksum_sha1": "",
            "checksum_sha256": "",
            "content": "Hello from private S3 bucket! This file is only accessible from VPC.",
            "content_base64": null,
            "content_disposition": "",
            "content_encoding": "",
            "content_language": "",
            "content_type": "text/plain",
            "etag": "7f25dc775dd819cf93129eec798721ae",
            "force_destroy": false,
            "id": "test.txt",
            "key": "test.txt",
            "kms_key_id": null,
            "metadata": {},
            "object_lock_legal_hold_status": "",
            "object_lock_mode": "",
            "object_lock_retain_until_date": "",
            "override_provider": [],
            "server_side_encryption": "AES256",
            "source": null,
            "source_hash": null,
            "storage_class": "STANDARD",
            "tags": {
              "Environment": "dev",
              "ManagedBy": "terraform",
              "Owner": "betterme-devops-test",
              "Project": "betterme-test"
            },
            "tags_all": {
              "Environment": "dev",
              "ManagedBy": "terraform",
              "Owner": "betterme-devops-test",
              "Project": "betterme-test"
            },
            "version_id": "i2TthcjqvxVa_kZVqv9QuJgcc_0jYw3G",
            "website_redirect": ""
          },
          "sensitive_attributes": [],
          "identity_schema_version": 0,
          "private": "bnVsbA==",
          "dependencies": [
            "module.s3.aws_s3_bucket.private",
            "module.s3.random_string.bucket_suffix"
          ]
        }
      ]
    },
    {
      "module": "module.s3",
      "mode": "managed",
      "type": "aws_s3_object",
      "name": "public_test",
      "provider": "provider[\"registry.terraform.io/hashicorp/aws\"]",
      "instances": [
        {
          "schema_version": 0,
          "attributes": {
            "acl": null,
            "arn": "arn:aws:s3:::betterme-test-dev-public-56ctrdie/test.txt",
            "bucket": "betterme-test-dev-public-56ctrdie",
            "bucket_key_enabled": false,
            "cache_control": "",
            "checksum_algorithm": null,
            "checksum_crc32": "",
            "checksum_crc32c": "",
            "checksum_crc64nvme": "",
            "checksum_sha1": "",
            "checksum_sha256": "",
            "content": "Hello from public S3 bucket! This file is accessible from anywhere.",
            "content_base64": null,
            "content_disposition": "",
            "content_encoding": "",
            "content_language": "",
            "content_type": "text/plain",
            "etag": "5d690d6f8554437e250ffb5b986109f3",
            "force_destroy": false,
            "id": "test.txt",
            "key": "test.txt",
            "kms_key_id": null,
            "metadata": {},
            "object_lock_legal_hold_status": "",
            "object_lock_mode": "",
            "object_lock_retain_until_date": "",
            "override_provider": [],
            "server_side_encryption": "AES256",
            "source": null,
            "source_hash": null,
            "storage_class": "STANDARD",
            "tags": {
              "Environment": "dev",
              "ManagedBy": "terraform",
              "Owner": "betterme-devops-test",
              "Project": "betterme-test"
            },
            "tags_all": {
              "Environment": "dev",
              "ManagedBy": "terraform",
              "Owner": "betterme-devops-test",
              "Project": "betterme-test"
            },
            "version_id": "null",
            "website_redirect": ""
          },
          "sensitive_attributes": [],
          "identity_schema_version": 0,
          "private": "bnVsbA==",
          "dependencies": [
            "module.s3.aws_s3_bucket.public",
            "module.s3.random_string.bucket_suffix"
          ]
        }
      ]
    },
    {
      "module": "module.s3",
      "mode": "managed",
      "type": "random_string",
      "name": "bucket_suffix",
      "provider": "provider[\"registry.terraform.io/hashicorp/random\"]",
      "instances": [
        {
          "schema_version": 2,
          "attributes": {
            "id": "56ctrdie",
            "keepers": null,
            "length": 8,
            "lower": true,
            "min_lower": 0,
            "min_numeric": 0,
            "min_special": 0,
            "min_upper": 0,
            "number": true,
            "numeric": true,
            "override_special": null,
            "result": "56ctrdie",
            "special": false,
            "upper": false
          },
          "sensitive_attributes": [],
          "identity_schema_version": 0
        }
      ]
    },
    {
      "module": "module.security",
      "mode": "data",
      "type": "aws_caller_identity",
      "name": "current",
      "provider": "provider[\"registry.terraform.io/hashicorp/aws\"]",
      "instances": [
        {
          "schema_version": 0,
          "attributes": {
            "account_id": "647582859245",
            "arn": "arn:aws:iam::647582859245:user/koliacv",
            "id": "647582859245",
            "user_id": "AIDAZNRXSH7W7GAIJUCQA"
          },
          "sensitive_attributes": [],
          "identity_schema_version": 0
        }
      ]
    },
    {
      "module": "module.security",
      "mode": "data",
      "type": "aws_iam_policy_document",
      "name": "eks_assume_role_policy",
      "provider": "provider[\"registry.terraform.io/hashicorp/aws\"]",
      "instances": [
        {
          "schema_version": 0,
          "attributes": {
            "id": "3552664922",
            "json": "{\n  \"Version\": \"2012-10-17\",\n  \"Statement\": [\n    {\n      \"Effect\": \"Allow\",\n      \"Action\": \"sts:AssumeRole\",\n      \"Principal\": {\n        \"Service\": \"eks.amazonaws.com\"\n      }\n    }\n  ]\n}",
            "minified_json": "{\"Version\":\"2012-10-17\",\"Statement\":[{\"Effect\":\"Allow\",\"Action\":\"sts:AssumeRole\",\"Principal\":{\"Service\":\"eks.amazonaws.com\"}}]}",
            "override_json": null,
            "override_policy_documents": null,
            "policy_id": null,
            "source_json": null,
            "source_policy_documents": null,
            "statement": [
              {
                "actions": [
                  "sts:AssumeRole"
                ],
                "condition": [],
                "effect": "Allow",
                "not_actions": [],
                "not_principals": [],
                "not_resources": [],
                "principals": [
                  {
                    "identifiers": [
                      "eks.amazonaws.com"
                    ],
                    "type": "Service"
                  }
                ],
                "resources": [],
                "sid": ""
              }
            ],
            "version": "2012-10-17"
          },
          "sensitive_attributes": [],
          "identity_schema_version": 0
        }
      ]
    },
    {
      "module": "module.security",
      "mode": "data",
      "type": "aws_iam_policy_document",
      "name": "node_assume_role_policy",
      "provider": "provider[\"registry.terraform.io/hashicorp/aws\"]",
      "instances": [
        {
          "schema_version": 0,
          "attributes": {
            "id": "2851119427",
            "json": "{\n  \"Version\": \"2012-10-17\",\n  \"Statement\": [\n    {\n      \"Effect\": \"Allow\",\n      \"Action\": \"sts:AssumeRole\",\n      \"Principal\": {\n        \"Service\": \"ec2.amazonaws.com\"\n      }\n    }\n  ]\n}",
            "minified_json": "{\"Version\":\"2012-10-17\",\"Statement\":[{\"Effect\":\"Allow\",\"Action\":\"sts:AssumeRole\",\"Principal\":{\"Service\":\"ec2.amazonaws.com\"}}]}",
            "override_json": null,
            "override_policy_documents": null,
            "policy_id": null,
            "source_json": null,
            "source_policy_documents": null,
            "statement": [
              {
                "actions": [
                  "sts:AssumeRole"
                ],
                "condition": [],
                "effect": "Allow",
                "not_actions": [],
                "not_principals": [],
                "not_resources": [],
                "principals": [
                  {
                    "identifiers": [
                      "ec2.amazonaws.com"
                    ],
                    "type": "Service"
                  }
                ],
                "resources": [],
                "sid": ""
              }
            ],
            "version": "2012-10-17"
          },
          "sensitive_attributes": [],
          "identity_schema_version": 0
        }
      ]
    },
    {
      "module": "module.security",
      "mode": "managed",
      "type": "aws_iam_access_key",
      "name": "s3_application_user",
      "provider": "provider[\"registry.terraform.io/hashicorp/aws\"]",
      "instances": [
        {
          "schema_version": 0,
          "attributes": {
            "create_date": "2025-08-19T21:49:48Z",
            "encrypted_secret": null,
            "encrypted_ses_smtp_password_v4": null,
            "id": "AKIAZNRXSH7W4WCURCWT",
            "key_fingerprint": null,
            "pgp_key": null,
            "secret": "3GfnrA1hXBSi0Saoxxnnf/4O7BViJp+h4p6SUXbm",
            "ses_smtp_password_v4": "BIZHhtjWSW2uRI9QNZSIn35jl5qhrBKj1AvUeEhvpmhz",
            "status": "Active",
            "user": "betterme-test-dev-s3-user"
          },
          "sensitive_attributes": [
            [
              {
                "type": "get_attr",
                "value": "secret"
              }
            ],
            [
              {
                "type": "get_attr",
                "value": "ses_smtp_password_v4"
              }
            ]
          ],
          "identity_schema_version": 0,
          "private": "bnVsbA==",
          "dependencies": [
            "module.security.aws_iam_user.s3_application_user"
          ]
        }
      ]
    },
    {
      "module": "module.security",
      "mode": "managed",
      "type": "aws_iam_policy",
      "name": "s3_application_policy",
      "provider": "provider[\"registry.terraform.io/hashicorp/aws\"]",
      "instances": [
        {
          "schema_version": 0,
          "attributes": {
            "arn": "arn:aws:iam::647582859245:policy/betterme-test-dev-s3-policy",
            "attachment_count": 1,
            "description": "Policy for betterme-test application S3 access",
            "id": "arn:aws:iam::647582859245:policy/betterme-test-dev-s3-policy",
            "name": "betterme-test-dev-s3-policy",
            "name_prefix": "",
            "path": "/",
            "policy": "{\"Statement\":[{\"Action\":[\"s3:GetObject\",\"s3:PutObject\",\"s3:DeleteObject\",\"s3:ListBucket\"],\"Effect\":\"Allow\",\"Resource\":[\"arn:aws:s3:::betterme-test-dev-public-56ctrdie\",\"arn:aws:s3:::betterme-test-dev-public-56ctrdie/*\",\"arn:aws:s3:::betterme-test-dev-private-56ctrdie\",\"arn:aws:s3:::betterme-test-dev-private-56ctrdie/*\"]}],\"Version\":\"2012-10-17\"}",
            "policy_id": "ANPAZNRXSH7W4DAFZZ4SB",
            "tags": {
              "Environment": "dev",
              "ManagedBy": "terraform",
              "Module": "security",
              "Owner": "betterme-devops-test",
              "Project": "betterme-test"
            },
            "tags_all": {
              "Environment": "dev",
              "ManagedBy": "terraform",
              "Module": "security",
              "Owner": "betterme-devops-test",
              "Project": "betterme-test"
            }
          },
          "sensitive_attributes": [],
          "identity_schema_version": 0,
          "private": "bnVsbA==",
          "dependencies": [
            "module.s3.aws_s3_bucket.private",
            "module.s3.aws_s3_bucket.public",
            "module.s3.random_string.bucket_suffix"
          ]
        }
      ]
    },
    {
      "module": "module.security",
      "mode": "managed",
      "type": "aws_iam_role",
      "name": "eks_node_role",
      "provider": "provider[\"registry.terraform.io/hashicorp/aws\"]",
      "instances": [
        {
          "schema_version": 0,
          "attributes": {
            "arn": "arn:aws:iam::647582859245:role/betterme-test-dev-eks-node-role",
            "assume_role_policy": "{\"Statement\":[{\"Action\":\"sts:AssumeRole\",\"Effect\":\"Allow\",\"Principal\":{\"Service\":\"ec2.amazonaws.com\"}}],\"Version\":\"2012-10-17\"}",
            "create_date": "2025-08-19T21:49:48Z",
            "description": "",
            "force_detach_policies": false,
            "id": "betterme-test-dev-eks-node-role",
            "inline_policy": [],
            "managed_policy_arns": [
              "arn:aws:iam::aws:policy/AmazonEC2ContainerRegistryReadOnly",
              "arn:aws:iam::aws:policy/AmazonEKSWorkerNodePolicy",
              "arn:aws:iam::aws:policy/AmazonEKS_CNI_Policy",
              "arn:aws:iam::aws:policy/CloudWatchAgentServerPolicy"
            ],
            "max_session_duration": 3600,
            "name": "betterme-test-dev-eks-node-role",
            "name_prefix": "",
            "path": "/",
            "permissions_boundary": "",
            "tags": {
              "Environment": "dev",
              "ManagedBy": "terraform",
              "Module": "security",
              "Name": "betterme-test-dev-eks-node-role",
              "Owner": "betterme-devops-test",
              "Project": "betterme-test"
            },
            "tags_all": {
              "Environment": "dev",
              "ManagedBy": "terraform",
              "Module": "security",
              "Name": "betterme-test-dev-eks-node-role",
              "Owner": "betterme-devops-test",
              "Project": "betterme-test"
            },
            "unique_id": "AROAZNRXSH7W3CXUL7LUD"
          },
          "sensitive_attributes": [],
          "identity_schema_version": 0,
          "private": "bnVsbA==",
          "dependencies": [
            "module.security.data.aws_iam_policy_document.node_assume_role_policy"
          ]
        }
      ]
    },
    {
      "module": "module.security",
      "mode": "managed",
      "type": "aws_iam_role",
      "name": "eks_service_role",
      "provider": "provider[\"registry.terraform.io/hashicorp/aws\"]",
      "instances": [
        {
          "schema_version": 0,
          "attributes": {
            "arn": "arn:aws:iam::647582859245:role/betterme-test-dev-eks-service-role",
            "assume_role_policy": "{\"Statement\":[{\"Action\":\"sts:AssumeRole\",\"Effect\":\"Allow\",\"Principal\":{\"Service\":\"eks.amazonaws.com\"}}],\"Version\":\"2012-10-17\"}",
            "create_date": "2025-08-19T21:49:48Z",
            "description": "",
            "force_detach_policies": false,
            "id": "betterme-test-dev-eks-service-role",
            "inline_policy": [],
            "managed_policy_arns": [
              "arn:aws:iam::aws:policy/AmazonEKSClusterPolicy",
              "arn:aws:iam::aws:policy/AmazonEKSVPCResourceController"
            ],
            "max_session_duration": 3600,
            "name": "betterme-test-dev-eks-service-role",
            "name_prefix": "",
            "path": "/",
            "permissions_boundary": "",
            "tags": {
              "Environment": "dev",
              "ManagedBy": "terraform",
              "Module": "security",
              "Name": "betterme-test-dev-eks-service-role",
              "Owner": "betterme-devops-test",
              "Project": "betterme-test"
            },
            "tags_all": {
              "Environment": "dev",
              "ManagedBy": "terraform",
              "Module": "security",
              "Name": "betterme-test-dev-eks-service-role",
              "Owner": "betterme-devops-test",
              "Project": "betterme-test"
            },
            "unique_id": "AROAZNRXSH7W76RW62JE7"
          },
          "sensitive_attributes": [],
          "identity_schema_version": 0,
          "private": "bnVsbA==",
          "dependencies": [
            "module.security.data.aws_iam_policy_document.eks_assume_role_policy"
          ]
        }
      ]
    },
    {
      "module": "module.security",
      "mode": "managed",
      "type": "aws_iam_role_policy_attachment",
      "name": "eks_cloudwatch_policy",
      "provider": "provider[\"registry.terraform.io/hashicorp/aws\"]",
      "instances": [
        {
          "schema_version": 0,
          "attributes": {
            "id": "betterme-test-dev-eks-node-role-20250819214949032800000004",
            "policy_arn": "arn:aws:iam::aws:policy/CloudWatchAgentServerPolicy",
            "role": "betterme-test-dev-eks-node-role"
          },
          "sensitive_attributes": [],
          "identity_schema_version": 0,
          "private": "bnVsbA==",
          "dependencies": [
            "module.security.aws_iam_role.eks_node_role",
            "module.security.data.aws_iam_policy_document.node_assume_role_policy"
          ]
        }
      ]
    },
    {
      "module": "module.security",
      "mode": "managed",
      "type": "aws_iam_role_policy_attachment",
      "name": "eks_cluster_policy",
      "provider": "provider[\"registry.terraform.io/hashicorp/aws\"]",
      "instances": [
        {
          "schema_version": 0,
          "attributes": {
            "id": "betterme-test-dev-eks-service-role-20250819214949090000000005",
            "policy_arn": "arn:aws:iam::aws:policy/AmazonEKSClusterPolicy",
            "role": "betterme-test-dev-eks-service-role"
          },
          "sensitive_attributes": [],
          "identity_schema_version": 0,
          "private": "bnVsbA==",
          "dependencies": [
            "module.security.aws_iam_role.eks_service_role",
            "module.security.data.aws_iam_policy_document.eks_assume_role_policy"
          ]
        }
      ]
    },
    {
      "module": "module.security",
      "mode": "managed",
      "type": "aws_iam_role_policy_attachment",
      "name": "eks_cni_policy",
      "provider": "provider[\"registry.terraform.io/hashicorp/aws\"]",
      "instances": [
        {
          "schema_version": 0,
          "attributes": {
            "id": "betterme-test-dev-eks-node-role-20250819214948865800000001",
            "policy_arn": "arn:aws:iam::aws:policy/AmazonEKS_CNI_Policy",
            "role": "betterme-test-dev-eks-node-role"
          },
          "sensitive_attributes": [],
          "identity_schema_version": 0,
          "private": "bnVsbA==",
          "dependencies": [
            "module.security.aws_iam_role.eks_node_role",
            "module.security.data.aws_iam_policy_document.node_assume_role_policy"
          ]
        }
      ]
    },
    {
      "module": "module.security",
      "mode": "managed",
      "type": "aws_iam_role_policy_attachment",
      "name": "eks_container_registry_readonly",
      "provider": "provider[\"registry.terraform.io/hashicorp/aws\"]",
      "instances": [
        {
          "schema_version": 0,
          "attributes": {
            "id": "betterme-test-dev-eks-node-role-20250819214948902600000002",
            "policy_arn": "arn:aws:iam::aws:policy/AmazonEC2ContainerRegistryReadOnly",
            "role": "betterme-test-dev-eks-node-role"
          },
          "sensitive_attributes": [],
          "identity_schema_version": 0,
          "private": "bnVsbA==",
          "dependencies": [
            "module.security.aws_iam_role.eks_node_role",
            "module.security.data.aws_iam_policy_document.node_assume_role_policy"
          ]
        }
      ]
    },
    {
      "module": "module.security",
      "mode": "managed",
      "type": "aws_iam_role_policy_attachment",
      "name": "eks_vpc_resource_controller",
      "provider": "provider[\"registry.terraform.io/hashicorp/aws\"]",
      "instances": [
        {
          "schema_version": 0,
          "attributes": {
            "id": "betterme-test-dev-eks-service-role-20250819214949253300000006",
            "policy_arn": "arn:aws:iam::aws:policy/AmazonEKSVPCResourceController",
            "role": "betterme-test-dev-eks-service-role"
          },
          "sensitive_attributes": [],
          "identity_schema_version": 0,
          "private": "bnVsbA==",
          "dependencies": [
            "module.security.aws_iam_role.eks_service_role",
            "module.security.data.aws_iam_policy_document.eks_assume_role_policy"
          ]
        }
      ]
    },
    {
      "module": "module.security",
      "mode": "managed",
      "type": "aws_iam_role_policy_attachment",
      "name": "eks_worker_node_policy",
      "provider": "provider[\"registry.terraform.io/hashicorp/aws\"]",
      "instances": [
        {
          "schema_version": 0,
          "attributes": {
            "id": "betterme-test-dev-eks-node-role-20250819214948933600000003",
            "policy_arn": "arn:aws:iam::aws:policy/AmazonEKSWorkerNodePolicy",
            "role": "betterme-test-dev-eks-node-role"
          },
          "sensitive_attributes": [],
          "identity_schema_version": 0,
          "private": "bnVsbA==",
          "dependencies": [
            "module.security.aws_iam_role.eks_node_role",
            "module.security.data.aws_iam_policy_document.node_assume_role_policy"
          ]
        }
      ]
    },
    {
      "module": "module.security",
      "mode": "managed",
      "type": "aws_iam_user",
      "name": "s3_application_user",
      "provider": "provider[\"registry.terraform.io/hashicorp/aws\"]",
      "instances": [
        {
          "schema_version": 0,
          "attributes": {
            "arn": "arn:aws:iam::647582859245:user/betterme-test-dev-s3-user",
            "force_destroy": false,
            "id": "betterme-test-dev-s3-user",
            "name": "betterme-test-dev-s3-user",
            "path": "/",
            "permissions_boundary": "",
            "tags": {
              "Environment": "dev",
              "ManagedBy": "terraform",
              "Name": "betterme-test-dev-s3-user",
              "Owner": "betterme-devops-test",
              "Project": "betterme-test",
              "Purpose": "Application S3 access"
            },
            "tags_all": {
              "Environment": "dev",
              "ManagedBy": "terraform",
              "Name": "betterme-test-dev-s3-user",
              "Owner": "betterme-devops-test",
              "Project": "betterme-test",
              "Purpose": "Application S3 access"
            },
            "unique_id": "AIDAZNRXSH7WVFXGIA7RA"
          },
          "sensitive_attributes": [],
          "identity_schema_version": 0,
          "private": "bnVsbA=="
        }
      ]
    },
    {
      "module": "module.security",
      "mode": "managed",
      "type": "aws_iam_user_policy_attachment",
      "name": "s3_application_user_policy",
      "provider": "provider[\"registry.terraform.io/hashicorp/aws\"]",
      "instances": [
        {
          "schema_version": 0,
          "attributes": {
            "id": "betterme-test-dev-s3-user-20250819214953455100000007",
            "policy_arn": "arn:aws:iam::647582859245:policy/betterme-test-dev-s3-policy",
            "user": "betterme-test-dev-s3-user"
          },
          "sensitive_attributes": [],
          "identity_schema_version": 0,
          "private": "bnVsbA==",
          "dependencies": [
            "module.s3.aws_s3_bucket.private",
            "module.s3.aws_s3_bucket.public",
            "module.s3.random_string.bucket_suffix",
            "module.security.aws_iam_policy.s3_application_policy",
            "module.security.aws_iam_user.s3_application_user"
          ]
        }
      ]
    },
    {
      "module": "module.security",
      "mode": "managed",
      "type": "aws_security_group",
      "name": "database",
      "provider": "provider[\"registry.terraform.io/hashicorp/aws\"]",
      "instances": [
        {
          "schema_version": 1,
          "attributes": {
            "arn": "arn:aws:ec2:us-west-2:647582859245:security-group/sg-02be3fdd0a2c97ac4",
            "description": "Managed by Terraform",
            "egress": [
              {
                "cidr_blocks": [
                  "0.0.0.0/0"
                ],
                "description": "",
                "from_port": 0,
                "ipv6_cidr_blocks": [],
                "prefix_list_ids": [],
                "protocol": "-1",
                "security_groups": [],
                "self": false,
                "to_port": 0
              }
            ],
            "id": "sg-02be3fdd0a2c97ac4",
            "ingress": [
              {
                "cidr_blocks": [],
                "description": "",
                "from_port": 5432,
                "ipv6_cidr_blocks": [],
                "prefix_list_ids": [],
                "protocol": "tcp",
                "security_groups": [
                  "sg-0bff85ca4228e234e"
                ],
                "self": false,
                "to_port": 5432
              }
            ],
            "name": "betterme-test-dev-database2025081921500638640000000c",
            "name_prefix": "betterme-test-dev-database",
            "owner_id": "647582859245",
            "revoke_rules_on_delete": false,
            "tags": {
              "Environment": "dev",
              "ManagedBy": "terraform",
              "Module": "security",
              "Name": "betterme-test-dev-database-sg",
              "Owner": "betterme-devops-test",
              "Project": "betterme-test"
            },
            "tags_all": {
              "Environment": "dev",
              "ManagedBy": "terraform",
              "Module": "security",
              "Name": "betterme-test-dev-database-sg",
              "Owner": "betterme-devops-test",
              "Project": "betterme-test"
            },
            "timeouts": null,
            "vpc_id": "vpc-0104d4525e085937e"
          },
          "sensitive_attributes": [],
          "identity_schema_version": 0,
          "private": "eyJlMmJmYjczMC1lY2FhLTExZTYtOGY4OC0zNDM2M2JjN2M0YzAiOnsiY3JlYXRlIjo2MDAwMDAwMDAwMDAsImRlbGV0ZSI6OTAwMDAwMDAwMDAwfSwic2NoZW1hX3ZlcnNpb24iOiIxIn0=",
          "dependencies": [
            "module.security.aws_security_group.eks_cluster",
            "module.vpc.aws_vpc.main"
          ]
        }
      ]
    },
    {
      "module": "module.security",
      "mode": "managed",
      "type": "aws_security_group",
      "name": "eks_cluster",
      "provider": "provider[\"registry.terraform.io/hashicorp/aws\"]",
      "instances": [
        {
          "schema_version": 1,
          "attributes": {
            "arn": "arn:aws:ec2:us-west-2:647582859245:security-group/sg-0bff85ca4228e234e",
            "description": "Managed by Terraform",
            "egress": [
              {
                "cidr_blocks": [
                  "0.0.0.0/0"
                ],
                "description": "",
                "from_port": 0,
                "ipv6_cidr_blocks": [],
                "prefix_list_ids": [],
                "protocol": "-1",
                "security_groups": [],
                "self": false,
                "to_port": 0
              }
            ],
            "id": "sg-0bff85ca4228e234e",
            "ingress": [
              {
                "cidr_blocks": [
                  "0.0.0.0/0"
                ],
                "description": "",
                "from_port": 443,
                "ipv6_cidr_blocks": [],
                "prefix_list_ids": [],
                "protocol": "tcp",
                "security_groups": [],
                "self": false,
                "to_port": 443
              }
            ],
            "name": "betterme-test-dev-eks-cluster20250819215001603500000009",
            "name_prefix": "betterme-test-dev-eks-cluster",
            "owner_id": "647582859245",
            "revoke_rules_on_delete": false,
            "tags": {
              "Environment": "dev",
              "ManagedBy": "terraform",
              "Module": "security",
              "Name": "betterme-test-dev-eks-cluster-sg",
              "Owner": "betterme-devops-test",
              "Project": "betterme-test"
            },
            "tags_all": {
              "Environment": "dev",
              "ManagedBy": "terraform",
              "Module": "security",
              "Name": "betterme-test-dev-eks-cluster-sg",
              "Owner": "betterme-devops-test",
              "Project": "betterme-test"
            },
            "timeouts": null,
            "vpc_id": "vpc-0104d4525e085937e"
          },
          "sensitive_attributes": [],
          "identity_schema_version": 0,
          "private": "eyJlMmJmYjczMC1lY2FhLTExZTYtOGY4OC0zNDM2M2JjN2M0YzAiOnsiY3JlYXRlIjo2MDAwMDAwMDAwMDAsImRlbGV0ZSI6OTAwMDAwMDAwMDAwfSwic2NoZW1hX3ZlcnNpb24iOiIxIn0=",
          "dependencies": [
            "module.vpc.aws_vpc.main"
          ]
        }
      ]
    },
    {
      "module": "module.vpc",
      "mode": "data",
      "type": "aws_region",
      "name": "current",
      "provider": "provider[\"registry.terraform.io/hashicorp/aws\"]",
      "instances": [
        {
          "schema_version": 0,
          "attributes": {
            "description": "US West (Oregon)",
            "endpoint": "ec2.us-west-2.amazonaws.com",
            "id": "us-west-2",
            "name": "us-west-2"
          },
          "sensitive_attributes": [],
          "identity_schema_version": 0
        }
      ]
    },
    {
      "module": "module.vpc",
      "mode": "managed",
      "type": "aws_db_subnet_group",
      "name": "database",
      "provider": "provider[\"registry.terraform.io/hashicorp/aws\"]",
      "instances": [
        {
          "schema_version": 0,
          "attributes": {
            "arn": "arn:aws:rds:us-west-2:647582859245:subgrp:betterme-test-dev-db-subnet-group",
            "description": "Managed by Terraform",
            "id": "betterme-test-dev-db-subnet-group",
            "name": "betterme-test-dev-db-subnet-group",
            "name_prefix": "",
            "subnet_ids": [
              "subnet-03ed58a2eb04501fa",
              "subnet-0a5bde562c419b7c4"
            ],
            "supported_network_types": [
              "IPV4"
            ],
            "tags": {
              "Environment": "dev",
              "ManagedBy": "terraform",
              "Name": "betterme-test-dev-db-subnet-group",
              "Owner": "betterme-devops-test",
              "Project": "betterme-test"
            },
            "tags_all": {
              "Environment": "dev",
              "ManagedBy": "terraform",
              "Name": "betterme-test-dev-db-subnet-group",
              "Owner": "betterme-devops-test",
              "Project": "betterme-test"
            },
            "vpc_id": "vpc-0104d4525e085937e"
          },
          "sensitive_attributes": [],
          "identity_schema_version": 0,
          "private": "bnVsbA==",
          "dependencies": [
            "data.aws_availability_zones.available",
            "module.vpc.aws_subnet.database",
            "module.vpc.aws_vpc.main"
          ]
        }
      ]
    },
    {
      "module": "module.vpc",
      "mode": "managed",
      "type": "aws_internet_gateway",
      "name": "main",
      "provider": "provider[\"registry.terraform.io/hashicorp/aws\"]",
      "instances": [
        {
          "schema_version": 0,
          "attributes": {
            "arn": "arn:aws:ec2:us-west-2:647582859245:internet-gateway/igw-039f5ab50bf25d35d",
            "id": "igw-039f5ab50bf25d35d",
            "owner_id": "647582859245",
            "tags": {
              "Environment": "dev",
              "ManagedBy": "terraform",
              "Name": "betterme-test-dev-igw",
              "Owner": "betterme-devops-test",
              "Project": "betterme-test"
            },
            "tags_all": {
              "Environment": "dev",
              "ManagedBy": "terraform",
              "Name": "betterme-test-dev-igw",
              "Owner": "betterme-devops-test",
              "Project": "betterme-test"
            },
            "timeouts": null,
            "vpc_id": "vpc-0104d4525e085937e"
          },
          "sensitive_attributes": [],
          "identity_schema_version": 0,
          "private": "eyJlMmJmYjczMC1lY2FhLTExZTYtOGY4OC0zNDM2M2JjN2M0YzAiOnsiY3JlYXRlIjoxMjAwMDAwMDAwMDAwLCJkZWxldGUiOjEyMDAwMDAwMDAwMDAsInVwZGF0ZSI6MTIwMDAwMDAwMDAwMH19",
          "dependencies": [
            "module.vpc.aws_vpc.main"
          ]
        }
      ]
    },
    {
      "module": "module.vpc",
      "mode": "managed",
      "type": "aws_route_table",
      "name": "database",
      "provider": "provider[\"registry.terraform.io/hashicorp/aws\"]",
      "instances": [
        {
          "schema_version": 0,
          "attributes": {
            "arn": "arn:aws:ec2:us-west-2:647582859245:route-table/rtb-03d36f8e31458eca0",
            "id": "rtb-03d36f8e31458eca0",
            "owner_id": "647582859245",
            "propagating_vgws": [],
            "route": [],
            "tags": {
              "Environment": "dev",
              "ManagedBy": "terraform",
              "Name": "betterme-test-dev-database-rt",
              "Owner": "betterme-devops-test",
              "Project": "betterme-test",
              "Type": "Database"
            },
            "tags_all": {
              "Environment": "dev",
              "ManagedBy": "terraform",
              "Name": "betterme-test-dev-database-rt",
              "Owner": "betterme-devops-test",
              "Project": "betterme-test",
              "Type": "Database"
            },
            "timeouts": null,
            "vpc_id": "vpc-0104d4525e085937e"
          },
          "sensitive_attributes": [],
          "identity_schema_version": 0,
          "private": "eyJlMmJmYjczMC1lY2FhLTExZTYtOGY4OC0zNDM2M2JjN2M0YzAiOnsiY3JlYXRlIjozMDAwMDAwMDAwMDAsImRlbGV0ZSI6MzAwMDAwMDAwMDAwLCJ1cGRhdGUiOjEyMDAwMDAwMDAwMH19",
          "dependencies": [
            "module.vpc.aws_vpc.main"
          ]
        }
      ]
    },
    {
      "module": "module.vpc",
      "mode": "managed",
      "type": "aws_route_table",
      "name": "public",
      "provider": "provider[\"registry.terraform.io/hashicorp/aws\"]",
      "instances": [
        {
          "schema_version": 0,
          "attributes": {
            "arn": "arn:aws:ec2:us-west-2:647582859245:route-table/rtb-001e2363d9c66f94c",
            "id": "rtb-001e2363d9c66f94c",
            "owner_id": "647582859245",
            "propagating_vgws": [],
            "route": [
              {
                "carrier_gateway_id": "",
                "cidr_block": "0.0.0.0/0",
                "core_network_arn": "",
                "destination_prefix_list_id": "",
                "egress_only_gateway_id": "",
                "gateway_id": "igw-039f5ab50bf25d35d",
                "ipv6_cidr_block": "",
                "local_gateway_id": "",
                "nat_gateway_id": "",
                "network_interface_id": "",
                "transit_gateway_id": "",
                "vpc_endpoint_id": "",
                "vpc_peering_connection_id": ""
              }
            ],
            "tags": {
              "Environment": "dev",
              "ManagedBy": "terraform",
              "Name": "betterme-test-dev-public-rt",
              "Owner": "betterme-devops-test",
              "Project": "betterme-test",
              "Type": "Public"
            },
            "tags_all": {
              "Environment": "dev",
              "ManagedBy": "terraform",
              "Name": "betterme-test-dev-public-rt",
              "Owner": "betterme-devops-test",
              "Project": "betterme-test",
              "Type": "Public"
            },
            "timeouts": null,
            "vpc_id": "vpc-0104d4525e085937e"
          },
          "sensitive_attributes": [],
          "identity_schema_version": 0,
          "private": "eyJlMmJmYjczMC1lY2FhLTExZTYtOGY4OC0zNDM2M2JjN2M0YzAiOnsiY3JlYXRlIjozMDAwMDAwMDAwMDAsImRlbGV0ZSI6MzAwMDAwMDAwMDAwLCJ1cGRhdGUiOjEyMDAwMDAwMDAwMH19",
          "dependencies": [
            "module.vpc.aws_internet_gateway.main",
            "module.vpc.aws_vpc.main"
          ]
        }
      ]
    },
    {
      "module": "module.vpc",
      "mode": "managed",
      "type": "aws_route_table_association",
      "name": "database",
      "provider": "provider[\"registry.terraform.io/hashicorp/aws\"]",
      "instances": [
        {
          "index_key": 0,
          "schema_version": 0,
          "attributes": {
            "gateway_id": "",
            "id": "rtbassoc-07379de8f3fc1df96",
            "route_table_id": "rtb-03d36f8e31458eca0",
            "subnet_id": "subnet-03ed58a2eb04501fa",
            "timeouts": null
          },
          "sensitive_attributes": [],
          "identity_schema_version": 0,
          "private": "eyJlMmJmYjczMC1lY2FhLTExZTYtOGY4OC0zNDM2M2JjN2M0YzAiOnsiY3JlYXRlIjozMDAwMDAwMDAwMDAsImRlbGV0ZSI6MzAwMDAwMDAwMDAwLCJ1cGRhdGUiOjEyMDAwMDAwMDAwMH19",
          "dependencies": [
            "data.aws_availability_zones.available",
            "module.vpc.aws_route_table.database",
            "module.vpc.aws_subnet.database",
            "module.vpc.aws_vpc.main"
          ]
        },
        {
          "index_key": 1,
          "schema_version": 0,
          "attributes": {
            "gateway_id": "",
            "id": "rtbassoc-0e15b857333c72dc4",
            "route_table_id": "rtb-03d36f8e31458eca0",
            "subnet_id": "subnet-0a5bde562c419b7c4",
            "timeouts": null
          },
          "sensitive_attributes": [],
          "identity_schema_version": 0,
          "private": "eyJlMmJmYjczMC1lY2FhLTExZTYtOGY4OC0zNDM2M2JjN2M0YzAiOnsiY3JlYXRlIjozMDAwMDAwMDAwMDAsImRlbGV0ZSI6MzAwMDAwMDAwMDAwLCJ1cGRhdGUiOjEyMDAwMDAwMDAwMH19",
          "dependencies": [
            "data.aws_availability_zones.available",
            "module.vpc.aws_route_table.database",
            "module.vpc.aws_subnet.database",
            "module.vpc.aws_vpc.main"
          ]
        }
      ]
    },
    {
      "module": "module.vpc",
      "mode": "managed",
      "type": "aws_route_table_association",
      "name": "public",
      "provider": "provider[\"registry.terraform.io/hashicorp/aws\"]",
      "instances": [
        {
          "index_key": 0,
          "schema_version": 0,
          "attributes": {
            "gateway_id": "",
            "id": "rtbassoc-05e96d36bf5ae23ec",
            "route_table_id": "rtb-001e2363d9c66f94c",
            "subnet_id": "subnet-0f941ce8aa2f5b338",
            "timeouts": null
          },
          "sensitive_attributes": [],
          "identity_schema_version": 0,
          "private": "eyJlMmJmYjczMC1lY2FhLTExZTYtOGY4OC0zNDM2M2JjN2M0YzAiOnsiY3JlYXRlIjozMDAwMDAwMDAwMDAsImRlbGV0ZSI6MzAwMDAwMDAwMDAwLCJ1cGRhdGUiOjEyMDAwMDAwMDAwMH19",
          "dependencies": [
            "data.aws_availability_zones.available",
            "module.vpc.aws_internet_gateway.main",
            "module.vpc.aws_route_table.public",
            "module.vpc.aws_subnet.public",
            "module.vpc.aws_vpc.main"
          ]
        },
        {
          "index_key": 1,
          "schema_version": 0,
          "attributes": {
            "gateway_id": "",
            "id": "rtbassoc-07832cbbda6a19961",
            "route_table_id": "rtb-001e2363d9c66f94c",
            "subnet_id": "subnet-04c216d6a5facb94c",
            "timeouts": null
          },
          "sensitive_attributes": [],
          "identity_schema_version": 0,
          "private": "eyJlMmJmYjczMC1lY2FhLTExZTYtOGY4OC0zNDM2M2JjN2M0YzAiOnsiY3JlYXRlIjozMDAwMDAwMDAwMDAsImRlbGV0ZSI6MzAwMDAwMDAwMDAwLCJ1cGRhdGUiOjEyMDAwMDAwMDAwMH19",
          "dependencies": [
            "data.aws_availability_zones.available",
            "module.vpc.aws_internet_gateway.main",
            "module.vpc.aws_route_table.public",
            "module.vpc.aws_subnet.public",
            "module.vpc.aws_vpc.main"
          ]
        }
      ]
    },
    {
      "module": "module.vpc",
      "mode": "managed",
      "type": "aws_subnet",
      "name": "database",
      "provider": "provider[\"registry.terraform.io/hashicorp/aws\"]",
      "instances": [
        {
          "index_key": 0,
          "schema_version": 1,
          "attributes": {
            "arn": "arn:aws:ec2:us-west-2:647582859245:subnet/subnet-03ed58a2eb04501fa",
            "assign_ipv6_address_on_creation": false,
            "availability_zone": "us-west-2a",
            "availability_zone_id": "usw2-az2",
            "cidr_block": "10.0.30.0/24",
            "customer_owned_ipv4_pool": "",
            "enable_dns64": false,
            "enable_lni_at_device_index": 0,
            "enable_resource_name_dns_a_record_on_launch": false,
            "enable_resource_name_dns_aaaa_record_on_launch": false,
            "id": "subnet-03ed58a2eb04501fa",
            "ipv6_cidr_block": "",
            "ipv6_cidr_block_association_id": "",
            "ipv6_native": false,
            "map_customer_owned_ip_on_launch": false,
            "map_public_ip_on_launch": false,
            "outpost_arn": "",
            "owner_id": "647582859245",
            "private_dns_hostname_type_on_launch": "ip-name",
            "tags": {
              "Environment": "dev",
              "ManagedBy": "terraform",
              "Name": "betterme-test-dev-database-1",
              "Owner": "betterme-devops-test",
              "Project": "betterme-test",
              "Type": "Database"
            },
            "tags_all": {
              "Environment": "dev",
              "ManagedBy": "terraform",
              "Name": "betterme-test-dev-database-1",
              "Owner": "betterme-devops-test",
              "Project": "betterme-test",
              "Type": "Database"
            },
            "timeouts": null,
            "vpc_id": "vpc-0104d4525e085937e"
          },
          "sensitive_attributes": [],
          "identity_schema_version": 0,
          "private": "eyJlMmJmYjczMC1lY2FhLTExZTYtOGY4OC0zNDM2M2JjN2M0YzAiOnsiY3JlYXRlIjo2MDAwMDAwMDAwMDAsImRlbGV0ZSI6MTIwMDAwMDAwMDAwMH0sInNjaGVtYV92ZXJzaW9uIjoiMSJ9",
          "dependencies": [
            "data.aws_availability_zones.available",
            "module.vpc.aws_vpc.main"
          ]
        },
        {
          "index_key": 1,
          "schema_version": 1,
          "attributes": {
            "arn": "arn:aws:ec2:us-west-2:647582859245:subnet/subnet-0a5bde562c419b7c4",
            "assign_ipv6_address_on_creation": false,
            "availability_zone": "us-west-2b",
            "availability_zone_id": "usw2-az1",
            "cidr_block": "10.0.31.0/24",
            "customer_owned_ipv4_pool": "",
            "enable_dns64": false,
            "enable_lni_at_device_index": 0,
            "enable_resource_name_dns_a_record_on_launch": false,
            "enable_resource_name_dns_aaaa_record_on_launch": false,
            "id": "subnet-0a5bde562c419b7c4",
            "ipv6_cidr_block": "",
            "ipv6_cidr_block_association_id": "",
            "ipv6_native": false,
            "map_customer_owned_ip_on_launch": false,
            "map_public_ip_on_launch": false,
            "outpost_arn": "",
            "owner_id": "647582859245",
            "private_dns_hostname_type_on_launch": "ip-name",
            "tags": {
              "Environment": "dev",
              "ManagedBy": "terraform",
              "Name": "betterme-test-dev-database-2",
              "Owner": "betterme-devops-test",
              "Project": "betterme-test",
              "Type": "Database"
            },
            "tags_all": {
              "Environment": "dev",
              "ManagedBy": "terraform",
              "Name": "betterme-test-dev-database-2",
              "Owner": "betterme-devops-test",
              "Project": "betterme-test",
              "Type": "Database"
            },
            "timeouts": null,
            "vpc_id": "vpc-0104d4525e085937e"
          },
          "sensitive_attributes": [],
          "identity_schema_version": 0,
          "private": "eyJlMmJmYjczMC1lY2FhLTExZTYtOGY4OC0zNDM2M2JjN2M0YzAiOnsiY3JlYXRlIjo2MDAwMDAwMDAwMDAsImRlbGV0ZSI6MTIwMDAwMDAwMDAwMH0sInNjaGVtYV92ZXJzaW9uIjoiMSJ9",
          "dependencies": [
            "data.aws_availability_zones.available",
            "module.vpc.aws_vpc.main"
          ]
        }
      ]
    },
    {
      "module": "module.vpc",
      "mode": "managed",
      "type": "aws_subnet",
      "name": "private",
      "provider": "provider[\"registry.terraform.io/hashicorp/aws\"]",
      "instances": [
        {
          "index_key": 0,
          "schema_version": 1,
          "attributes": {
            "arn": "arn:aws:ec2:us-west-2:647582859245:subnet/subnet-0a62acc794beeb657",
            "assign_ipv6_address_on_creation": false,
            "availability_zone": "us-west-2a",
            "availability_zone_id": "usw2-az2",
            "cidr_block": "10.0.10.0/24",
            "customer_owned_ipv4_pool": "",
            "enable_dns64": false,
            "enable_lni_at_device_index": 0,
            "enable_resource_name_dns_a_record_on_launch": false,
            "enable_resource_name_dns_aaaa_record_on_launch": false,
            "id": "subnet-0a62acc794beeb657",
            "ipv6_cidr_block": "",
            "ipv6_cidr_block_association_id": "",
            "ipv6_native": false,
            "map_customer_owned_ip_on_launch": false,
            "map_public_ip_on_launch": false,
            "outpost_arn": "",
            "owner_id": "647582859245",
            "private_dns_hostname_type_on_launch": "ip-name",
            "tags": {
              "Environment": "dev",
              "ManagedBy": "terraform",
              "Name": "betterme-test-dev-private-1",
              "Owner": "betterme-devops-test",
              "Project": "betterme-test",
              "Type": "Private",
              "kubernetes.io/cluster/betterme-test-dev-eks-cluster": "owned",
              "kubernetes.io/role/internal-elb": "1"
            },
            "tags_all": {
              "Environment": "dev",
              "ManagedBy": "terraform",
              "Name": "betterme-test-dev-private-1",
              "Owner": "betterme-devops-test",
              "Project": "betterme-test",
              "Type": "Private",
              "kubernetes.io/cluster/betterme-test-dev-eks-cluster": "owned",
              "kubernetes.io/role/internal-elb": "1"
            },
            "timeouts": null,
            "vpc_id": "vpc-0104d4525e085937e"
          },
          "sensitive_attributes": [],
          "identity_schema_version": 0,
          "private": "eyJlMmJmYjczMC1lY2FhLTExZTYtOGY4OC0zNDM2M2JjN2M0YzAiOnsiY3JlYXRlIjo2MDAwMDAwMDAwMDAsImRlbGV0ZSI6MTIwMDAwMDAwMDAwMH0sInNjaGVtYV92ZXJzaW9uIjoiMSJ9",
          "dependencies": [
            "data.aws_availability_zones.available",
            "module.vpc.aws_vpc.main"
          ]
        },
        {
          "index_key": 1,
          "schema_version": 1,
          "attributes": {
            "arn": "arn:aws:ec2:us-west-2:647582859245:subnet/subnet-077353152791b7a31",
            "assign_ipv6_address_on_creation": false,
            "availability_zone": "us-west-2b",
            "availability_zone_id": "usw2-az1",
            "cidr_block": "10.0.11.0/24",
            "customer_owned_ipv4_pool": "",
            "enable_dns64": false,
            "enable_lni_at_device_index": 0,
            "enable_resource_name_dns_a_record_on_launch": false,
            "enable_resource_name_dns_aaaa_record_on_launch": false,
            "id": "subnet-077353152791b7a31",
            "ipv6_cidr_block": "",
            "ipv6_cidr_block_association_id": "",
            "ipv6_native": false,
            "map_customer_owned_ip_on_launch": false,
            "map_public_ip_on_launch": false,
            "outpost_arn": "",
            "owner_id": "647582859245",
            "private_dns_hostname_type_on_launch": "ip-name",
            "tags": {
              "Environment": "dev",
              "ManagedBy": "terraform",
              "Name": "betterme-test-dev-private-2",
              "Owner": "betterme-devops-test",
              "Project": "betterme-test",
              "Type": "Private",
              "kubernetes.io/cluster/betterme-test-dev-eks-cluster": "owned",
              "kubernetes.io/role/internal-elb": "1"
            },
            "tags_all": {
              "Environment": "dev",
              "ManagedBy": "terraform",
              "Name": "betterme-test-dev-private-2",
              "Owner": "betterme-devops-test",
              "Project": "betterme-test",
              "Type": "Private",
              "kubernetes.io/cluster/betterme-test-dev-eks-cluster": "owned",
              "kubernetes.io/role/internal-elb": "1"
            },
            "timeouts": null,
            "vpc_id": "vpc-0104d4525e085937e"
          },
          "sensitive_attributes": [],
          "identity_schema_version": 0,
          "private": "eyJlMmJmYjczMC1lY2FhLTExZTYtOGY4OC0zNDM2M2JjN2M0YzAiOnsiY3JlYXRlIjo2MDAwMDAwMDAwMDAsImRlbGV0ZSI6MTIwMDAwMDAwMDAwMH0sInNjaGVtYV92ZXJzaW9uIjoiMSJ9",
          "dependencies": [
            "data.aws_availability_zones.available",
            "module.vpc.aws_vpc.main"
          ]
        }
      ]
    },
    {
      "module": "module.vpc",
      "mode": "managed",
      "type": "aws_subnet",
      "name": "public",
      "provider": "provider[\"registry.terraform.io/hashicorp/aws\"]",
      "instances": [
        {
          "index_key": 0,
          "schema_version": 1,
          "attributes": {
            "arn": "arn:aws:ec2:us-west-2:647582859245:subnet/subnet-0f941ce8aa2f5b338",
            "assign_ipv6_address_on_creation": false,
            "availability_zone": "us-west-2a",
            "availability_zone_id": "usw2-az2",
            "cidr_block": "10.0.1.0/24",
            "customer_owned_ipv4_pool": "",
            "enable_dns64": false,
            "enable_lni_at_device_index": 0,
            "enable_resource_name_dns_a_record_on_launch": false,
            "enable_resource_name_dns_aaaa_record_on_launch": false,
            "id": "subnet-0f941ce8aa2f5b338",
            "ipv6_cidr_block": "",
            "ipv6_cidr_block_association_id": "",
            "ipv6_native": false,
            "map_customer_owned_ip_on_launch": false,
            "map_public_ip_on_launch": true,
            "outpost_arn": "",
            "owner_id": "647582859245",
            "private_dns_hostname_type_on_launch": "ip-name",
            "tags": {
              "Environment": "dev",
              "ManagedBy": "terraform",
              "Name": "betterme-test-dev-public-1",
              "Owner": "betterme-devops-test",
              "Project": "betterme-test",
              "Type": "Public",
              "kubernetes.io/cluster/betterme-test-dev-eks-cluster": "shared",
              "kubernetes.io/role/elb": "1"
            },
            "tags_all": {
              "Environment": "dev",
              "ManagedBy": "terraform",
              "Name": "betterme-test-dev-public-1",
              "Owner": "betterme-devops-test",
              "Project": "betterme-test",
              "Type": "Public",
              "kubernetes.io/cluster/betterme-test-dev-eks-cluster": "shared",
              "kubernetes.io/role/elb": "1"
            },
            "timeouts": null,
            "vpc_id": "vpc-0104d4525e085937e"
          },
          "sensitive_attributes": [],
          "identity_schema_version": 0,
          "private": "eyJlMmJmYjczMC1lY2FhLTExZTYtOGY4OC0zNDM2M2JjN2M0YzAiOnsiY3JlYXRlIjo2MDAwMDAwMDAwMDAsImRlbGV0ZSI6MTIwMDAwMDAwMDAwMH0sInNjaGVtYV92ZXJzaW9uIjoiMSJ9",
          "dependencies": [
            "data.aws_availability_zones.available",
            "module.vpc.aws_vpc.main"
          ]
        },
        {
          "index_key": 1,
          "schema_version": 1,
          "attributes": {
            "arn": "arn:aws:ec2:us-west-2:647582859245:subnet/subnet-04c216d6a5facb94c",
            "assign_ipv6_address_on_creation": false,
            "availability_zone": "us-west-2b",
            "availability_zone_id": "usw2-az1",
            "cidr_block": "10.0.2.0/24",
            "customer_owned_ipv4_pool": "",
            "enable_dns64": false,
            "enable_lni_at_device_index": 0,
            "enable_resource_name_dns_a_record_on_launch": false,
            "enable_resource_name_dns_aaaa_record_on_launch": false,
            "id": "subnet-04c216d6a5facb94c",
            "ipv6_cidr_block": "",
            "ipv6_cidr_block_association_id": "",
            "ipv6_native": false,
            "map_customer_owned_ip_on_launch": false,
            "map_public_ip_on_launch": true,
            "outpost_arn": "",
            "owner_id": "647582859245",
            "private_dns_hostname_type_on_launch": "ip-name",
            "tags": {
              "Environment": "dev",
              "ManagedBy": "terraform",
              "Name": "betterme-test-dev-public-2",
              "Owner": "betterme-devops-test",
              "Project": "betterme-test",
              "Type": "Public",
              "kubernetes.io/cluster/betterme-test-dev-eks-cluster": "shared",
              "kubernetes.io/role/elb": "1"
            },
            "tags_all": {
              "Environment": "dev",
              "ManagedBy": "terraform",
              "Name": "betterme-test-dev-public-2",
              "Owner": "betterme-devops-test",
              "Project": "betterme-test",
              "Type": "Public",
              "kubernetes.io/cluster/betterme-test-dev-eks-cluster": "shared",
              "kubernetes.io/role/elb": "1"
            },
            "timeouts": null,
            "vpc_id": "vpc-0104d4525e085937e"
          },
          "sensitive_attributes": [],
          "identity_schema_version": 0,
          "private": "eyJlMmJmYjczMC1lY2FhLTExZTYtOGY4OC0zNDM2M2JjN2M0YzAiOnsiY3JlYXRlIjo2MDAwMDAwMDAwMDAsImRlbGV0ZSI6MTIwMDAwMDAwMDAwMH0sInNjaGVtYV92ZXJzaW9uIjoiMSJ9",
          "dependencies": [
            "data.aws_availability_zones.available",
            "module.vpc.aws_vpc.main"
          ]
        }
      ]
    },
    {
      "module": "module.vpc",
      "mode": "managed",
      "type": "aws_vpc",
      "name": "main",
      "provider": "provider[\"registry.terraform.io/hashicorp/aws\"]",
      "instances": [
        {
          "schema_version": 1,
          "attributes": {
            "arn": "arn:aws:ec2:us-west-2:647582859245:vpc/vpc-0104d4525e085937e",
            "assign_generated_ipv6_cidr_block": false,
            "cidr_block": "10.0.0.0/16",
            "default_network_acl_id": "acl-0e2d09e8827264918",
            "default_route_table_id": "rtb-0e720196f2d501a72",
            "default_security_group_id": "sg-02ec28a8127b30576",
            "dhcp_options_id": "dopt-0f6887b9832e981a4",
            "enable_dns_hostnames": true,
            "enable_dns_support": true,
            "enable_network_address_usage_metrics": false,
            "id": "vpc-0104d4525e085937e",
            "instance_tenancy": "default",
            "ipv4_ipam_pool_id": null,
            "ipv4_netmask_length": null,
            "ipv6_association_id": "",
            "ipv6_cidr_block": "",
            "ipv6_cidr_block_network_border_group": "",
            "ipv6_ipam_pool_id": "",
            "ipv6_netmask_length": 0,
            "main_route_table_id": "rtb-0e720196f2d501a72",
            "owner_id": "647582859245",
            "tags": {
              "Environment": "dev",
              "ManagedBy": "terraform",
              "Module": "vpc",
              "Name": "betterme-test-dev-vpc",
              "Owner": "betterme-devops-test",
              "Project": "betterme-test",
              "kubernetes.io/cluster/betterme-test-dev-eks-cluster": "shared"
            },
            "tags_all": {
              "Environment": "dev",
              "ManagedBy": "terraform",
              "Module": "vpc",
              "Name": "betterme-test-dev-vpc",
              "Owner": "betterme-devops-test",
              "Project": "betterme-test",
              "kubernetes.io/cluster/betterme-test-dev-eks-cluster": "shared"
            }
          },
          "sensitive_attributes": [],
          "identity_schema_version": 0,
          "private": "eyJzY2hlbWFfdmVyc2lvbiI6IjEifQ=="
        }
      ]
    },
    {
      "module": "module.vpc",
      "mode": "managed",
      "type": "aws_vpc_endpoint",
      "name": "s3",
      "provider": "provider[\"registry.terraform.io/hashicorp/aws\"]",
      "instances": [
        {
          "schema_version": 0,
          "attributes": {
            "arn": "arn:aws:ec2:us-west-2:647582859245:vpc-endpoint/vpce-02083e63b6422bb75",
            "auto_accept": null,
            "cidr_blocks": [
              "3.5.76.0/22",
              "3.5.80.0/21",
              "18.34.48.0/20",
              "18.34.244.0/22",
              "52.92.128.0/17",
              "52.218.128.0/17"
            ],
            "dns_entry": [],
            "dns_options": [],
            "id": "vpce-02083e63b6422bb75",
            "ip_address_type": "",
            "network_interface_ids": [],
            "owner_id": "647582859245",
            "policy": "{\"Statement\":[{\"Action\":\"*\",\"Effect\":\"Allow\",\"Principal\":\"*\",\"Resource\":\"*\"}],\"Version\":\"2008-10-17\"}",
            "prefix_list_id": "pl-68a54001",
            "private_dns_enabled": false,
            "requester_managed": false,
            "resource_configuration_arn": "",
            "route_table_ids": [
              "rtb-001e2363d9c66f94c",
              "rtb-03d36f8e31458eca0"
            ],
            "security_group_ids": [],
            "service_name": "com.amazonaws.us-west-2.s3",
            "service_network_arn": "",
            "service_region": "us-west-2",
            "state": "available",
            "subnet_configuration": [],
            "subnet_ids": [],
            "tags": {
              "Environment": "dev",
              "ManagedBy": "terraform",
              "Name": "betterme-test-dev-s3-endpoint",
              "Owner": "betterme-devops-test",
              "Project": "betterme-test"
            },
            "tags_all": {
              "Environment": "dev",
              "ManagedBy": "terraform",
              "Name": "betterme-test-dev-s3-endpoint",
              "Owner": "betterme-devops-test",
              "Project": "betterme-test"
            },
            "timeouts": null,
            "vpc_endpoint_type": "Gateway",
            "vpc_id": "vpc-0104d4525e085937e"
          },
          "sensitive_attributes": [],
          "identity_schema_version": 0,
          "private": "eyJlMmJmYjczMC1lY2FhLTExZTYtOGY4OC0zNDM2M2JjN2M0YzAiOnsiY3JlYXRlIjo2MDAwMDAwMDAwMDAsImRlbGV0ZSI6NjAwMDAwMDAwMDAwLCJ1cGRhdGUiOjYwMDAwMDAwMDAwMH19",
          "dependencies": [
            "module.vpc.aws_internet_gateway.main",
            "module.vpc.aws_route_table.database",
            "module.vpc.aws_route_table.public",
            "module.vpc.aws_vpc.main",
            "module.vpc.data.aws_region.current"
          ]
        }
      ]
    }
  ],
  "check_results": null
}
